
Microsoft Visual Studio Solution File, Format Version 11.00
# Visual Studio 2010
Project("{FAE04EC0-301F-11D3-BF4B-00C04F79EFBC}") = "Euler", "Euler\Euler.csproj", "{20A391D9-1257-495A-9E0B-0908A75F8A8B}"
EndProject
Project("{FAE04EC0-301F-11D3-BF4B-00C04F79EFBC}") = "TestEuler", "TestEuler\TestEuler.csproj", "{264A7612-FFF0-430F-8152-9F8D7B74F97B}"
EndProject
Project("{2150E333-8FDC-42A3-9474-1A3956D46DE8}") = "Solution Items", "Solution Items", "{29FAA448-1C01-4477-A33D-46C4CEA73E9C}"
	ProjectSection(SolutionItems) = preProject
		Euler.vsmdi = Euler.vsmdi
		Local.testsettings = Local.testsettings
		TraceAndTestImpact.testsettings = TraceAndTestImpact.testsettings
	EndProjectSection
EndProject
Project("{FAE04EC0-301F-11D3-BF4B-00C04F79EFBC}") = "Problem002", "..\Problem2\Problem2\Problem002.csproj", "{3CBAB2AF-F350-45D8-B28C-6BC534389FCE}"
EndProject
Project("{FAE04EC0-301F-11D3-BF4B-00C04F79EFBC}") = "Problem003", "Problem3\Problem003.csproj", "{05872962-8714-4D14-B04F-EBA587610539}"
EndProject
Project("{FAE04EC0-301F-11D3-BF4B-00C04F79EFBC}") = "Problem004", "Problem4\Problem004.csproj", "{352BA0F5-563A-4B6E-AC63-B822EAAC5970}"
EndProject
Project("{FAE04EC0-301F-11D3-BF4B-00C04F79EFBC}") = "Problem005", "Problem5\Problem005.csproj", "{F53789C5-7197-4A31-914E-FB0599EC626F}"
EndProject
Project("{FAE04EC0-301F-11D3-BF4B-00C04F79EFBC}") = "Problem006", "Problem6\Problem006.csproj", "{95064FBC-99D6-44F6-88F9-3491438D5E28}"
EndProject
Project("{FAE04EC0-301F-11D3-BF4B-00C04F79EFBC}") = "Problem007", "Problem7\Problem007.csproj", "{1A04B63C-92EB-4E3A-82D7-3A63907384A5}"
EndProject
Project("{FAE04EC0-301F-11D3-BF4B-00C04F79EFBC}") = "Problem008", "Problem8\Problem008.csproj", "{09BFCB41-E322-4408-9BEB-AE7DBE18C7B3}"
EndProject
Project("{FAE04EC0-301F-11D3-BF4B-00C04F79EFBC}") = "Problem009", "Problem9\Problem009.csproj", "{6154DA95-E187-4F0E-959A-3C20C37F9086}"
EndProject
Project("{FAE04EC0-301F-11D3-BF4B-00C04F79EFBC}") = "Problem010", "Problem10\Problem010.csproj", "{52CB9BED-D142-48B2-9C28-998B8EFB0EE2}"
EndProject
Project("{FAE04EC0-301F-11D3-BF4B-00C04F79EFBC}") = "Problem011", "Problem011\Problem011.csproj", "{7878FAA7-A1B4-4DE4-BBE3-9A3738CA9D67}"
EndProject
Project("{FAE04EC0-301F-11D3-BF4B-00C04F79EFBC}") = "Problem012", "Problem12\Problem012.csproj", "{764B0615-CBA4-4CC6-A76A-392CF23E5FDF}"
EndProject
Project("{FAE04EC0-301F-11D3-BF4B-00C04F79EFBC}") = "Problem013", "Problem013\Problem013.csproj", "{ADAE328A-6B29-46B3-8FB4-1AEC5355A76C}"
EndProject
Project("{FAE04EC0-301F-11D3-BF4B-00C04F79EFBC}") = "Problem014", "Problem14\Problem014.csproj", "{CDE21D1B-153B-4A47-8C44-B806588F3C79}"
EndProject
Project("{FAE04EC0-301F-11D3-BF4B-00C04F79EFBC}") = "Problem015", "Problem015\Problem015.csproj", "{603762A5-9AB4-4E59-99CA-F73C67712EB3}"
EndProject
Project("{FAE04EC0-301F-11D3-BF4B-00C04F79EFBC}") = "Problem016", "Problem016\Problem016.csproj", "{8098A21A-4B2D-40C7-9B92-5672C1417592}"
EndProject
Project("{FAE04EC0-301F-11D3-BF4B-00C04F79EFBC}") = "Problem017", "Problem017\Problem017.csproj", "{F9B9AF27-366F-4BB6-BE34-CCE4CDDEFCC1}"
EndProject
Project("{FAE04EC0-301F-11D3-BF4B-00C04F79EFBC}") = "Problem018", "Problem18\Problem018.csproj", "{CE3A9114-F60B-4DA4-A8DC-731DF70C1C68}"
EndProject
Project("{FAE04EC0-301F-11D3-BF4B-00C04F79EFBC}") = "Problem019", "Problem019\Problem019.csproj", "{9422BAE5-14BD-493B-AEE8-10F2FC897DCA}"
EndProject
Project("{FAE04EC0-301F-11D3-BF4B-00C04F79EFBC}") = "Problem020", "Problem020\Problem020.csproj", "{054B7983-18F0-46DF-BF04-524B035663EB}"
EndProject
Project("{FAE04EC0-301F-11D3-BF4B-00C04F79EFBC}") = "Problem021", "Problem021\Problem021.csproj", "{F987A77D-703A-4EDA-ABD9-5BC93CBE5EB7}"
EndProject
Project("{FAE04EC0-301F-11D3-BF4B-00C04F79EFBC}") = "Problem022", "Problem022\Problem022.csproj", "{3C16008C-C7DD-4A0B-85E6-962B973E263F}"
EndProject
Project("{FAE04EC0-301F-11D3-BF4B-00C04F79EFBC}") = "Problem023", "Problem023\Problem023.csproj", "{77CC9E2D-A571-4ECC-9D10-DD0122A036CE}"
EndProject
Project("{FAE04EC0-301F-11D3-BF4B-00C04F79EFBC}") = "Problem024", "Problem024\Problem024.csproj", "{3BBCB834-F870-4F9A-8FB0-C1E676235A4B}"
EndProject
Project("{FAE04EC0-301F-11D3-BF4B-00C04F79EFBC}") = "Problem025", "Problem025\Problem025.csproj", "{657668E3-BF2F-4ED9-B803-05147C09CC85}"
EndProject
Project("{FAE04EC0-301F-11D3-BF4B-00C04F79EFBC}") = "Problem026", "Problem026\Problem026.csproj", "{B6E2F19C-A177-4B94-93BC-6E69E1E736E5}"
EndProject
Project("{FAE04EC0-301F-11D3-BF4B-00C04F79EFBC}") = "Problem027", "Problem027\Problem027.csproj", "{E1ED7B1B-5B49-4170-84A5-F43E42C0EDBF}"
EndProject
Project("{FAE04EC0-301F-11D3-BF4B-00C04F79EFBC}") = "Problem028", "Problem028\Problem028.csproj", "{E905B02A-B5E9-4506-8AFD-02992F9BD6BD}"
EndProject
Project("{FAE04EC0-301F-11D3-BF4B-00C04F79EFBC}") = "Problem029", "Problem029\Problem029.csproj", "{9D2C4059-BE31-41AB-B823-B595C92C5AC5}"
EndProject
Project("{FAE04EC0-301F-11D3-BF4B-00C04F79EFBC}") = "Problem030", "Problem030\Problem030.csproj", "{51851E87-40E2-47B0-87A4-D96E83D68D81}"
EndProject
Project("{FAE04EC0-301F-11D3-BF4B-00C04F79EFBC}") = "Problem031", "Problem031\Problem031.csproj", "{2FB2FCA4-035B-4799-A0BE-7B3430E23301}"
EndProject
Project("{FAE04EC0-301F-11D3-BF4B-00C04F79EFBC}") = "Problem032", "Problem032\Problem032.csproj", "{A2533D33-7D56-4504-BB4F-700554ED84F5}"
EndProject
Project("{FAE04EC0-301F-11D3-BF4B-00C04F79EFBC}") = "Problem033", "Project033\Problem033.csproj", "{3937384C-33D0-4084-B56A-1AD6828250CC}"
EndProject
Project("{FAE04EC0-301F-11D3-BF4B-00C04F79EFBC}") = "Problem034", "Problem034\Problem034.csproj", "{250F7E58-157F-4C17-BB80-82BDD427DBCD}"
EndProject
Project("{FAE04EC0-301F-11D3-BF4B-00C04F79EFBC}") = "Problem035", "Problem035\Problem035.csproj", "{333D1FCA-D102-4B9B-89DD-4CD55BF0B6E5}"
EndProject
Project("{FAE04EC0-301F-11D3-BF4B-00C04F79EFBC}") = "Problem036", "Problem036\Problem036.csproj", "{73B49850-641F-491D-9900-DDD7AE8B71DA}"
EndProject
Project("{FAE04EC0-301F-11D3-BF4B-00C04F79EFBC}") = "Problem037", "Problem037\Problem037.csproj", "{D4B5D623-8ED7-49A2-8B26-0C32E391869E}"
EndProject
Project("{FAE04EC0-301F-11D3-BF4B-00C04F79EFBC}") = "Problem038", "Problem038\Problem038.csproj", "{7BB1DCC2-1A0F-44EE-91AD-0099A127B283}"
EndProject
Project("{FAE04EC0-301F-11D3-BF4B-00C04F79EFBC}") = "Problem039", "Problem039\Problem039.csproj", "{5DA62142-A4C2-4F96-A02C-E6E3D9DC7F9B}"
EndProject
Project("{FAE04EC0-301F-11D3-BF4B-00C04F79EFBC}") = "Problem040", "Problem040\Problem040.csproj", "{E9769423-2057-4727-8DBF-0653B0491605}"
EndProject
Project("{FAE04EC0-301F-11D3-BF4B-00C04F79EFBC}") = "Problem041", "Problem041\Problem041.csproj", "{A0A0640D-3624-4ED2-8777-E54B26F48DDC}"
EndProject
Project("{FAE04EC0-301F-11D3-BF4B-00C04F79EFBC}") = "Problem042", "Problem042\Problem042.csproj", "{2340B5A4-8CED-43EF-AF4D-D1325E28B744}"
EndProject
Project("{FAE04EC0-301F-11D3-BF4B-00C04F79EFBC}") = "Problem043", "Problem043\Problem043.csproj", "{600AEE45-C5E0-4C9A-AD87-DF04A59FC6B1}"
EndProject
Project("{FAE04EC0-301F-11D3-BF4B-00C04F79EFBC}") = "Problem044", "Problem044\Problem044.csproj", "{7538FEEE-FDD7-4C42-A2F5-BF3E75612A29}"
EndProject
Project("{FAE04EC0-301F-11D3-BF4B-00C04F79EFBC}") = "Problem045", "Problem045\Problem045.csproj", "{171D2004-B0EC-44CD-8FC8-370F12B688D7}"
EndProject
Project("{FAE04EC0-301F-11D3-BF4B-00C04F79EFBC}") = "Problem046", "Problem046\Problem046.csproj", "{447DC796-5A4F-440F-A3BB-54E8B2367A84}"
EndProject
Global
	GlobalSection(TestCaseManagementSettings) = postSolution
		CategoryFile = Euler.vsmdi
	EndGlobalSection
	GlobalSection(SolutionConfigurationPlatforms) = preSolution
		Debug|Any CPU = Debug|Any CPU
		Debug|Mixed Platforms = Debug|Mixed Platforms
		Debug|x86 = Debug|x86
		Release|Any CPU = Release|Any CPU
		Release|Mixed Platforms = Release|Mixed Platforms
		Release|x86 = Release|x86
	EndGlobalSection
	GlobalSection(ProjectConfigurationPlatforms) = postSolution
		{20A391D9-1257-495A-9E0B-0908A75F8A8B}.Debug|Any CPU.ActiveCfg = Debug|Any CPU
		{20A391D9-1257-495A-9E0B-0908A75F8A8B}.Debug|Any CPU.Build.0 = Debug|Any CPU
		{20A391D9-1257-495A-9E0B-0908A75F8A8B}.Debug|Mixed Platforms.ActiveCfg = Debug|Any CPU
		{20A391D9-1257-495A-9E0B-0908A75F8A8B}.Debug|Mixed Platforms.Build.0 = Debug|Any CPU
		{20A391D9-1257-495A-9E0B-0908A75F8A8B}.Debug|x86.ActiveCfg = Debug|Any CPU
		{20A391D9-1257-495A-9E0B-0908A75F8A8B}.Release|Any CPU.ActiveCfg = Release|Any CPU
		{20A391D9-1257-495A-9E0B-0908A75F8A8B}.Release|Any CPU.Build.0 = Release|Any CPU
		{20A391D9-1257-495A-9E0B-0908A75F8A8B}.Release|Mixed Platforms.ActiveCfg = Release|Any CPU
		{20A391D9-1257-495A-9E0B-0908A75F8A8B}.Release|Mixed Platforms.Build.0 = Release|Any CPU
		{20A391D9-1257-495A-9E0B-0908A75F8A8B}.Release|x86.ActiveCfg = Release|Any CPU
		{264A7612-FFF0-430F-8152-9F8D7B74F97B}.Debug|Any CPU.ActiveCfg = Debug|Any CPU
		{264A7612-FFF0-430F-8152-9F8D7B74F97B}.Debug|Any CPU.Build.0 = Debug|Any CPU
		{264A7612-FFF0-430F-8152-9F8D7B74F97B}.Debug|Mixed Platforms.ActiveCfg = Debug|Any CPU
		{264A7612-FFF0-430F-8152-9F8D7B74F97B}.Debug|Mixed Platforms.Build.0 = Debug|Any CPU
		{264A7612-FFF0-430F-8152-9F8D7B74F97B}.Debug|x86.ActiveCfg = Debug|Any CPU
		{264A7612-FFF0-430F-8152-9F8D7B74F97B}.Release|Any CPU.ActiveCfg = Release|Any CPU
		{264A7612-FFF0-430F-8152-9F8D7B74F97B}.Release|Any CPU.Build.0 = Release|Any CPU
		{264A7612-FFF0-430F-8152-9F8D7B74F97B}.Release|Mixed Platforms.ActiveCfg = Release|Any CPU
		{264A7612-FFF0-430F-8152-9F8D7B74F97B}.Release|Mixed Platforms.Build.0 = Release|Any CPU
		{264A7612-FFF0-430F-8152-9F8D7B74F97B}.Release|x86.ActiveCfg = Release|Any CPU
		{3CBAB2AF-F350-45D8-B28C-6BC534389FCE}.Debug|Any CPU.ActiveCfg = Debug|x86
		{3CBAB2AF-F350-45D8-B28C-6BC534389FCE}.Debug|Mixed Platforms.ActiveCfg = Debug|x86
		{3CBAB2AF-F350-45D8-B28C-6BC534389FCE}.Debug|Mixed Platforms.Build.0 = Debug|x86
		{3CBAB2AF-F350-45D8-B28C-6BC534389FCE}.Debug|x86.ActiveCfg = Debug|x86
		{3CBAB2AF-F350-45D8-B28C-6BC534389FCE}.Debug|x86.Build.0 = Debug|x86
		{3CBAB2AF-F350-45D8-B28C-6BC534389FCE}.Release|Any CPU.ActiveCfg = Release|x86
		{3CBAB2AF-F350-45D8-B28C-6BC534389FCE}.Release|Mixed Platforms.ActiveCfg = Release|x86
		{3CBAB2AF-F350-45D8-B28C-6BC534389FCE}.Release|Mixed Platforms.Build.0 = Release|x86
		{3CBAB2AF-F350-45D8-B28C-6BC534389FCE}.Release|x86.ActiveCfg = Release|x86
		{3CBAB2AF-F350-45D8-B28C-6BC534389FCE}.Release|x86.Build.0 = Release|x86
		{05872962-8714-4D14-B04F-EBA587610539}.Debug|Any CPU.ActiveCfg = Debug|x86
		{05872962-8714-4D14-B04F-EBA587610539}.Debug|Mixed Platforms.ActiveCfg = Debug|x86
		{05872962-8714-4D14-B04F-EBA587610539}.Debug|Mixed Platforms.Build.0 = Debug|x86
		{05872962-8714-4D14-B04F-EBA587610539}.Debug|x86.ActiveCfg = Debug|x86
		{05872962-8714-4D14-B04F-EBA587610539}.Debug|x86.Build.0 = Debug|x86
		{05872962-8714-4D14-B04F-EBA587610539}.Release|Any CPU.ActiveCfg = Release|x86
		{05872962-8714-4D14-B04F-EBA587610539}.Release|Mixed Platforms.ActiveCfg = Release|x86
		{05872962-8714-4D14-B04F-EBA587610539}.Release|Mixed Platforms.Build.0 = Release|x86
		{05872962-8714-4D14-B04F-EBA587610539}.Release|x86.ActiveCfg = Release|x86
		{05872962-8714-4D14-B04F-EBA587610539}.Release|x86.Build.0 = Release|x86
		{352BA0F5-563A-4B6E-AC63-B822EAAC5970}.Debug|Any CPU.ActiveCfg = Debug|x86
		{352BA0F5-563A-4B6E-AC63-B822EAAC5970}.Debug|Mixed Platforms.ActiveCfg = Debug|x86
		{352BA0F5-563A-4B6E-AC63-B822EAAC5970}.Debug|Mixed Platforms.Build.0 = Debug|x86
		{352BA0F5-563A-4B6E-AC63-B822EAAC5970}.Debug|x86.ActiveCfg = Debug|x86
		{352BA0F5-563A-4B6E-AC63-B822EAAC5970}.Debug|x86.Build.0 = Debug|x86
		{352BA0F5-563A-4B6E-AC63-B822EAAC5970}.Release|Any CPU.ActiveCfg = Release|x86
		{352BA0F5-563A-4B6E-AC63-B822EAAC5970}.Release|Mixed Platforms.ActiveCfg = Release|x86
		{352BA0F5-563A-4B6E-AC63-B822EAAC5970}.Release|Mixed Platforms.Build.0 = Release|x86
		{352BA0F5-563A-4B6E-AC63-B822EAAC5970}.Release|x86.ActiveCfg = Release|x86
		{352BA0F5-563A-4B6E-AC63-B822EAAC5970}.Release|x86.Build.0 = Release|x86
		{F53789C5-7197-4A31-914E-FB0599EC626F}.Debug|Any CPU.ActiveCfg = Debug|x86
		{F53789C5-7197-4A31-914E-FB0599EC626F}.Debug|Mixed Platforms.ActiveCfg = Debug|x86
		{F53789C5-7197-4A31-914E-FB0599EC626F}.Debug|Mixed Platforms.Build.0 = Debug|x86
		{F53789C5-7197-4A31-914E-FB0599EC626F}.Debug|x86.ActiveCfg = Debug|x86
		{F53789C5-7197-4A31-914E-FB0599EC626F}.Debug|x86.Build.0 = Debug|x86
		{F53789C5-7197-4A31-914E-FB0599EC626F}.Release|Any CPU.ActiveCfg = Release|x86
		{F53789C5-7197-4A31-914E-FB0599EC626F}.Release|Mixed Platforms.ActiveCfg = Release|x86
		{F53789C5-7197-4A31-914E-FB0599EC626F}.Release|Mixed Platforms.Build.0 = Release|x86
		{F53789C5-7197-4A31-914E-FB0599EC626F}.Release|x86.ActiveCfg = Release|x86
		{F53789C5-7197-4A31-914E-FB0599EC626F}.Release|x86.Build.0 = Release|x86
		{95064FBC-99D6-44F6-88F9-3491438D5E28}.Debug|Any CPU.ActiveCfg = Debug|x86
		{95064FBC-99D6-44F6-88F9-3491438D5E28}.Debug|Mixed Platforms.ActiveCfg = Debug|x86
		{95064FBC-99D6-44F6-88F9-3491438D5E28}.Debug|Mixed Platforms.Build.0 = Debug|x86
		{95064FBC-99D6-44F6-88F9-3491438D5E28}.Debug|x86.ActiveCfg = Debug|x86
		{95064FBC-99D6-44F6-88F9-3491438D5E28}.Debug|x86.Build.0 = Debug|x86
		{95064FBC-99D6-44F6-88F9-3491438D5E28}.Release|Any CPU.ActiveCfg = Release|x86
		{95064FBC-99D6-44F6-88F9-3491438D5E28}.Release|Mixed Platforms.ActiveCfg = Release|x86
		{95064FBC-99D6-44F6-88F9-3491438D5E28}.Release|Mixed Platforms.Build.0 = Release|x86
		{95064FBC-99D6-44F6-88F9-3491438D5E28}.Release|x86.ActiveCfg = Release|x86
		{95064FBC-99D6-44F6-88F9-3491438D5E28}.Release|x86.Build.0 = Release|x86
		{1A04B63C-92EB-4E3A-82D7-3A63907384A5}.Debug|Any CPU.ActiveCfg = Debug|x86
		{1A04B63C-92EB-4E3A-82D7-3A63907384A5}.Debug|Mixed Platforms.ActiveCfg = Debug|x86
		{1A04B63C-92EB-4E3A-82D7-3A63907384A5}.Debug|Mixed Platforms.Build.0 = Debug|x86
		{1A04B63C-92EB-4E3A-82D7-3A63907384A5}.Debug|x86.ActiveCfg = Debug|x86
		{1A04B63C-92EB-4E3A-82D7-3A63907384A5}.Debug|x86.Build.0 = Debug|x86
		{1A04B63C-92EB-4E3A-82D7-3A63907384A5}.Release|Any CPU.ActiveCfg = Release|x86
		{1A04B63C-92EB-4E3A-82D7-3A63907384A5}.Release|Mixed Platforms.ActiveCfg = Release|x86
		{1A04B63C-92EB-4E3A-82D7-3A63907384A5}.Release|Mixed Platforms.Build.0 = Release|x86
		{1A04B63C-92EB-4E3A-82D7-3A63907384A5}.Release|x86.ActiveCfg = Release|x86
		{1A04B63C-92EB-4E3A-82D7-3A63907384A5}.Release|x86.Build.0 = Release|x86
		{09BFCB41-E322-4408-9BEB-AE7DBE18C7B3}.Debug|Any CPU.ActiveCfg = Debug|x86
		{09BFCB41-E322-4408-9BEB-AE7DBE18C7B3}.Debug|Mixed Platforms.ActiveCfg = Debug|x86
		{09BFCB41-E322-4408-9BEB-AE7DBE18C7B3}.Debug|Mixed Platforms.Build.0 = Debug|x86
		{09BFCB41-E322-4408-9BEB-AE7DBE18C7B3}.Debug|x86.ActiveCfg = Debug|x86
		{09BFCB41-E322-4408-9BEB-AE7DBE18C7B3}.Debug|x86.Build.0 = Debug|x86
		{09BFCB41-E322-4408-9BEB-AE7DBE18C7B3}.Release|Any CPU.ActiveCfg = Release|x86
		{09BFCB41-E322-4408-9BEB-AE7DBE18C7B3}.Release|Mixed Platforms.ActiveCfg = Release|x86
		{09BFCB41-E322-4408-9BEB-AE7DBE18C7B3}.Release|Mixed Platforms.Build.0 = Release|x86
		{09BFCB41-E322-4408-9BEB-AE7DBE18C7B3}.Release|x86.ActiveCfg = Release|x86
		{09BFCB41-E322-4408-9BEB-AE7DBE18C7B3}.Release|x86.Build.0 = Release|x86
		{6154DA95-E187-4F0E-959A-3C20C37F9086}.Debug|Any CPU.ActiveCfg = Debug|x86
		{6154DA95-E187-4F0E-959A-3C20C37F9086}.Debug|Mixed Platforms.ActiveCfg = Debug|x86
		{6154DA95-E187-4F0E-959A-3C20C37F9086}.Debug|Mixed Platforms.Build.0 = Debug|x86
		{6154DA95-E187-4F0E-959A-3C20C37F9086}.Debug|x86.ActiveCfg = Debug|x86
		{6154DA95-E187-4F0E-959A-3C20C37F9086}.Debug|x86.Build.0 = Debug|x86
		{6154DA95-E187-4F0E-959A-3C20C37F9086}.Release|Any CPU.ActiveCfg = Release|x86
		{6154DA95-E187-4F0E-959A-3C20C37F9086}.Release|Mixed Platforms.ActiveCfg = Release|x86
		{6154DA95-E187-4F0E-959A-3C20C37F9086}.Release|Mixed Platforms.Build.0 = Release|x86
		{6154DA95-E187-4F0E-959A-3C20C37F9086}.Release|x86.ActiveCfg = Release|x86
		{6154DA95-E187-4F0E-959A-3C20C37F9086}.Release|x86.Build.0 = Release|x86
		{52CB9BED-D142-48B2-9C28-998B8EFB0EE2}.Debug|Any CPU.ActiveCfg = Debug|x86
		{52CB9BED-D142-48B2-9C28-998B8EFB0EE2}.Debug|Mixed Platforms.ActiveCfg = Debug|x86
		{52CB9BED-D142-48B2-9C28-998B8EFB0EE2}.Debug|Mixed Platforms.Build.0 = Debug|x86
		{52CB9BED-D142-48B2-9C28-998B8EFB0EE2}.Debug|x86.ActiveCfg = Debug|x86
		{52CB9BED-D142-48B2-9C28-998B8EFB0EE2}.Debug|x86.Build.0 = Debug|x86
		{52CB9BED-D142-48B2-9C28-998B8EFB0EE2}.Release|Any CPU.ActiveCfg = Release|x86
		{52CB9BED-D142-48B2-9C28-998B8EFB0EE2}.Release|Mixed Platforms.ActiveCfg = Release|x86
		{52CB9BED-D142-48B2-9C28-998B8EFB0EE2}.Release|Mixed Platforms.Build.0 = Release|x86
		{52CB9BED-D142-48B2-9C28-998B8EFB0EE2}.Release|x86.ActiveCfg = Release|x86
		{52CB9BED-D142-48B2-9C28-998B8EFB0EE2}.Release|x86.Build.0 = Release|x86
		{7878FAA7-A1B4-4DE4-BBE3-9A3738CA9D67}.Debug|Any CPU.ActiveCfg = Debug|x86
		{7878FAA7-A1B4-4DE4-BBE3-9A3738CA9D67}.Debug|Mixed Platforms.ActiveCfg = Debug|x86
		{7878FAA7-A1B4-4DE4-BBE3-9A3738CA9D67}.Debug|Mixed Platforms.Build.0 = Debug|x86
		{7878FAA7-A1B4-4DE4-BBE3-9A3738CA9D67}.Debug|x86.ActiveCfg = Debug|x86
		{7878FAA7-A1B4-4DE4-BBE3-9A3738CA9D67}.Debug|x86.Build.0 = Debug|x86
		{7878FAA7-A1B4-4DE4-BBE3-9A3738CA9D67}.Release|Any CPU.ActiveCfg = Release|x86
		{7878FAA7-A1B4-4DE4-BBE3-9A3738CA9D67}.Release|Mixed Platforms.ActiveCfg = Release|x86
		{7878FAA7-A1B4-4DE4-BBE3-9A3738CA9D67}.Release|Mixed Platforms.Build.0 = Release|x86
		{7878FAA7-A1B4-4DE4-BBE3-9A3738CA9D67}.Release|x86.ActiveCfg = Release|x86
		{7878FAA7-A1B4-4DE4-BBE3-9A3738CA9D67}.Release|x86.Build.0 = Release|x86
		{764B0615-CBA4-4CC6-A76A-392CF23E5FDF}.Debug|Any CPU.ActiveCfg = Debug|x86
		{764B0615-CBA4-4CC6-A76A-392CF23E5FDF}.Debug|Mixed Platforms.ActiveCfg = Debug|x86
		{764B0615-CBA4-4CC6-A76A-392CF23E5FDF}.Debug|Mixed Platforms.Build.0 = Debug|x86
		{764B0615-CBA4-4CC6-A76A-392CF23E5FDF}.Debug|x86.ActiveCfg = Debug|x86
		{764B0615-CBA4-4CC6-A76A-392CF23E5FDF}.Debug|x86.Build.0 = Debug|x86
		{764B0615-CBA4-4CC6-A76A-392CF23E5FDF}.Release|Any CPU.ActiveCfg = Release|x86
		{764B0615-CBA4-4CC6-A76A-392CF23E5FDF}.Release|Mixed Platforms.ActiveCfg = Release|x86
		{764B0615-CBA4-4CC6-A76A-392CF23E5FDF}.Release|Mixed Platforms.Build.0 = Release|x86
		{764B0615-CBA4-4CC6-A76A-392CF23E5FDF}.Release|x86.ActiveCfg = Release|x86
		{764B0615-CBA4-4CC6-A76A-392CF23E5FDF}.Release|x86.Build.0 = Release|x86
		{ADAE328A-6B29-46B3-8FB4-1AEC5355A76C}.Debug|Any CPU.ActiveCfg = Debug|x86
		{ADAE328A-6B29-46B3-8FB4-1AEC5355A76C}.Debug|Mixed Platforms.ActiveCfg = Debug|x86
		{ADAE328A-6B29-46B3-8FB4-1AEC5355A76C}.Debug|Mixed Platforms.Build.0 = Debug|x86
		{ADAE328A-6B29-46B3-8FB4-1AEC5355A76C}.Debug|x86.ActiveCfg = Debug|x86
		{ADAE328A-6B29-46B3-8FB4-1AEC5355A76C}.Debug|x86.Build.0 = Debug|x86
		{ADAE328A-6B29-46B3-8FB4-1AEC5355A76C}.Release|Any CPU.ActiveCfg = Release|x86
		{ADAE328A-6B29-46B3-8FB4-1AEC5355A76C}.Release|Mixed Platforms.ActiveCfg = Release|x86
		{ADAE328A-6B29-46B3-8FB4-1AEC5355A76C}.Release|Mixed Platforms.Build.0 = Release|x86
		{ADAE328A-6B29-46B3-8FB4-1AEC5355A76C}.Release|x86.ActiveCfg = Release|x86
		{ADAE328A-6B29-46B3-8FB4-1AEC5355A76C}.Release|x86.Build.0 = Release|x86
		{CDE21D1B-153B-4A47-8C44-B806588F3C79}.Debug|Any CPU.ActiveCfg = Debug|x86
		{CDE21D1B-153B-4A47-8C44-B806588F3C79}.Debug|Mixed Platforms.ActiveCfg = Debug|x86
		{CDE21D1B-153B-4A47-8C44-B806588F3C79}.Debug|Mixed Platforms.Build.0 = Debug|x86
		{CDE21D1B-153B-4A47-8C44-B806588F3C79}.Debug|x86.ActiveCfg = Debug|x86
		{CDE21D1B-153B-4A47-8C44-B806588F3C79}.Debug|x86.Build.0 = Debug|x86
		{CDE21D1B-153B-4A47-8C44-B806588F3C79}.Release|Any CPU.ActiveCfg = Release|x86
		{CDE21D1B-153B-4A47-8C44-B806588F3C79}.Release|Mixed Platforms.ActiveCfg = Release|x86
		{CDE21D1B-153B-4A47-8C44-B806588F3C79}.Release|Mixed Platforms.Build.0 = Release|x86
		{CDE21D1B-153B-4A47-8C44-B806588F3C79}.Release|x86.ActiveCfg = Release|x86
		{CDE21D1B-153B-4A47-8C44-B806588F3C79}.Release|x86.Build.0 = Release|x86
		{603762A5-9AB4-4E59-99CA-F73C67712EB3}.Debug|Any CPU.ActiveCfg = Debug|x86
		{603762A5-9AB4-4E59-99CA-F73C67712EB3}.Debug|Mixed Platforms.ActiveCfg = Debug|x86
		{603762A5-9AB4-4E59-99CA-F73C67712EB3}.Debug|Mixed Platforms.Build.0 = Debug|x86
		{603762A5-9AB4-4E59-99CA-F73C67712EB3}.Debug|x86.ActiveCfg = Debug|x86
		{603762A5-9AB4-4E59-99CA-F73C67712EB3}.Debug|x86.Build.0 = Debug|x86
		{603762A5-9AB4-4E59-99CA-F73C67712EB3}.Release|Any CPU.ActiveCfg = Release|x86
		{603762A5-9AB4-4E59-99CA-F73C67712EB3}.Release|Mixed Platforms.ActiveCfg = Release|x86
		{603762A5-9AB4-4E59-99CA-F73C67712EB3}.Release|Mixed Platforms.Build.0 = Release|x86
		{603762A5-9AB4-4E59-99CA-F73C67712EB3}.Release|x86.ActiveCfg = Release|x86
		{603762A5-9AB4-4E59-99CA-F73C67712EB3}.Release|x86.Build.0 = Release|x86
		{8098A21A-4B2D-40C7-9B92-5672C1417592}.Debug|Any CPU.ActiveCfg = Debug|x86
		{8098A21A-4B2D-40C7-9B92-5672C1417592}.Debug|Mixed Platforms.ActiveCfg = Debug|x86
		{8098A21A-4B2D-40C7-9B92-5672C1417592}.Debug|Mixed Platforms.Build.0 = Debug|x86
		{8098A21A-4B2D-40C7-9B92-5672C1417592}.Debug|x86.ActiveCfg = Debug|x86
		{8098A21A-4B2D-40C7-9B92-5672C1417592}.Debug|x86.Build.0 = Debug|x86
		{8098A21A-4B2D-40C7-9B92-5672C1417592}.Release|Any CPU.ActiveCfg = Release|x86
		{8098A21A-4B2D-40C7-9B92-5672C1417592}.Release|Mixed Platforms.ActiveCfg = Release|x86
		{8098A21A-4B2D-40C7-9B92-5672C1417592}.Release|Mixed Platforms.Build.0 = Release|x86
		{8098A21A-4B2D-40C7-9B92-5672C1417592}.Release|x86.ActiveCfg = Release|x86
		{8098A21A-4B2D-40C7-9B92-5672C1417592}.Release|x86.Build.0 = Release|x86
		{F9B9AF27-366F-4BB6-BE34-CCE4CDDEFCC1}.Debug|Any CPU.ActiveCfg = Debug|x86
		{F9B9AF27-366F-4BB6-BE34-CCE4CDDEFCC1}.Debug|Mixed Platforms.ActiveCfg = Debug|x86
		{F9B9AF27-366F-4BB6-BE34-CCE4CDDEFCC1}.Debug|Mixed Platforms.Build.0 = Debug|x86
		{F9B9AF27-366F-4BB6-BE34-CCE4CDDEFCC1}.Debug|x86.ActiveCfg = Debug|x86
		{F9B9AF27-366F-4BB6-BE34-CCE4CDDEFCC1}.Debug|x86.Build.0 = Debug|x86
		{F9B9AF27-366F-4BB6-BE34-CCE4CDDEFCC1}.Release|Any CPU.ActiveCfg = Release|x86
		{F9B9AF27-366F-4BB6-BE34-CCE4CDDEFCC1}.Release|Mixed Platforms.ActiveCfg = Release|x86
		{F9B9AF27-366F-4BB6-BE34-CCE4CDDEFCC1}.Release|Mixed Platforms.Build.0 = Release|x86
		{F9B9AF27-366F-4BB6-BE34-CCE4CDDEFCC1}.Release|x86.ActiveCfg = Release|x86
		{F9B9AF27-366F-4BB6-BE34-CCE4CDDEFCC1}.Release|x86.Build.0 = Release|x86
		{CE3A9114-F60B-4DA4-A8DC-731DF70C1C68}.Debug|Any CPU.ActiveCfg = Debug|x86
		{CE3A9114-F60B-4DA4-A8DC-731DF70C1C68}.Debug|Mixed Platforms.ActiveCfg = Debug|x86
		{CE3A9114-F60B-4DA4-A8DC-731DF70C1C68}.Debug|Mixed Platforms.Build.0 = Debug|x86
		{CE3A9114-F60B-4DA4-A8DC-731DF70C1C68}.Debug|x86.ActiveCfg = Debug|x86
		{CE3A9114-F60B-4DA4-A8DC-731DF70C1C68}.Debug|x86.Build.0 = Debug|x86
		{CE3A9114-F60B-4DA4-A8DC-731DF70C1C68}.Release|Any CPU.ActiveCfg = Release|x86
		{CE3A9114-F60B-4DA4-A8DC-731DF70C1C68}.Release|Mixed Platforms.ActiveCfg = Release|x86
		{CE3A9114-F60B-4DA4-A8DC-731DF70C1C68}.Release|Mixed Platforms.Build.0 = Release|x86
		{CE3A9114-F60B-4DA4-A8DC-731DF70C1C68}.Release|x86.ActiveCfg = Release|x86
		{CE3A9114-F60B-4DA4-A8DC-731DF70C1C68}.Release|x86.Build.0 = Release|x86
		{9422BAE5-14BD-493B-AEE8-10F2FC897DCA}.Debug|Any CPU.ActiveCfg = Debug|x86
		{9422BAE5-14BD-493B-AEE8-10F2FC897DCA}.Debug|Mixed Platforms.ActiveCfg = Debug|x86
		{9422BAE5-14BD-493B-AEE8-10F2FC897DCA}.Debug|Mixed Platforms.Build.0 = Debug|x86
		{9422BAE5-14BD-493B-AEE8-10F2FC897DCA}.Debug|x86.ActiveCfg = Debug|x86
		{9422BAE5-14BD-493B-AEE8-10F2FC897DCA}.Debug|x86.Build.0 = Debug|x86
		{9422BAE5-14BD-493B-AEE8-10F2FC897DCA}.Release|Any CPU.ActiveCfg = Release|x86
		{9422BAE5-14BD-493B-AEE8-10F2FC897DCA}.Release|Mixed Platforms.ActiveCfg = Release|x86
		{9422BAE5-14BD-493B-AEE8-10F2FC897DCA}.Release|Mixed Platforms.Build.0 = Release|x86
		{9422BAE5-14BD-493B-AEE8-10F2FC897DCA}.Release|x86.ActiveCfg = Release|x86
		{9422BAE5-14BD-493B-AEE8-10F2FC897DCA}.Release|x86.Build.0 = Release|x86
		{054B7983-18F0-46DF-BF04-524B035663EB}.Debug|Any CPU.ActiveCfg = Debug|x86
		{054B7983-18F0-46DF-BF04-524B035663EB}.Debug|Mixed Platforms.ActiveCfg = Debug|x86
		{054B7983-18F0-46DF-BF04-524B035663EB}.Debug|Mixed Platforms.Build.0 = Debug|x86
		{054B7983-18F0-46DF-BF04-524B035663EB}.Debug|x86.ActiveCfg = Debug|x86
		{054B7983-18F0-46DF-BF04-524B035663EB}.Debug|x86.Build.0 = Debug|x86
		{054B7983-18F0-46DF-BF04-524B035663EB}.Release|Any CPU.ActiveCfg = Release|x86
		{054B7983-18F0-46DF-BF04-524B035663EB}.Release|Mixed Platforms.ActiveCfg = Release|x86
		{054B7983-18F0-46DF-BF04-524B035663EB}.Release|Mixed Platforms.Build.0 = Release|x86
		{054B7983-18F0-46DF-BF04-524B035663EB}.Release|x86.ActiveCfg = Release|x86
		{054B7983-18F0-46DF-BF04-524B035663EB}.Release|x86.Build.0 = Release|x86
		{F987A77D-703A-4EDA-ABD9-5BC93CBE5EB7}.Debug|Any CPU.ActiveCfg = Debug|x86
		{F987A77D-703A-4EDA-ABD9-5BC93CBE5EB7}.Debug|Mixed Platforms.ActiveCfg = Debug|x86
		{F987A77D-703A-4EDA-ABD9-5BC93CBE5EB7}.Debug|Mixed Platforms.Build.0 = Debug|x86
		{F987A77D-703A-4EDA-ABD9-5BC93CBE5EB7}.Debug|x86.ActiveCfg = Debug|x86
		{F987A77D-703A-4EDA-ABD9-5BC93CBE5EB7}.Debug|x86.Build.0 = Debug|x86
		{F987A77D-703A-4EDA-ABD9-5BC93CBE5EB7}.Release|Any CPU.ActiveCfg = Release|x86
		{F987A77D-703A-4EDA-ABD9-5BC93CBE5EB7}.Release|Mixed Platforms.ActiveCfg = Release|x86
		{F987A77D-703A-4EDA-ABD9-5BC93CBE5EB7}.Release|Mixed Platforms.Build.0 = Release|x86
		{F987A77D-703A-4EDA-ABD9-5BC93CBE5EB7}.Release|x86.ActiveCfg = Release|x86
		{F987A77D-703A-4EDA-ABD9-5BC93CBE5EB7}.Release|x86.Build.0 = Release|x86
		{3C16008C-C7DD-4A0B-85E6-962B973E263F}.Debug|Any CPU.ActiveCfg = Debug|x86
		{3C16008C-C7DD-4A0B-85E6-962B973E263F}.Debug|Mixed Platforms.ActiveCfg = Debug|x86
		{3C16008C-C7DD-4A0B-85E6-962B973E263F}.Debug|Mixed Platforms.Build.0 = Debug|x86
		{3C16008C-C7DD-4A0B-85E6-962B973E263F}.Debug|x86.ActiveCfg = Debug|x86
		{3C16008C-C7DD-4A0B-85E6-962B973E263F}.Debug|x86.Build.0 = Debug|x86
		{3C16008C-C7DD-4A0B-85E6-962B973E263F}.Release|Any CPU.ActiveCfg = Release|x86
		{3C16008C-C7DD-4A0B-85E6-962B973E263F}.Release|Mixed Platforms.ActiveCfg = Release|x86
		{3C16008C-C7DD-4A0B-85E6-962B973E263F}.Release|Mixed Platforms.Build.0 = Release|x86
		{3C16008C-C7DD-4A0B-85E6-962B973E263F}.Release|x86.ActiveCfg = Release|x86
		{3C16008C-C7DD-4A0B-85E6-962B973E263F}.Release|x86.Build.0 = Release|x86
		{77CC9E2D-A571-4ECC-9D10-DD0122A036CE}.Debug|Any CPU.ActiveCfg = Debug|x86
		{77CC9E2D-A571-4ECC-9D10-DD0122A036CE}.Debug|Mixed Platforms.ActiveCfg = Debug|x86
		{77CC9E2D-A571-4ECC-9D10-DD0122A036CE}.Debug|Mixed Platforms.Build.0 = Debug|x86
		{77CC9E2D-A571-4ECC-9D10-DD0122A036CE}.Debug|x86.ActiveCfg = Debug|x86
		{77CC9E2D-A571-4ECC-9D10-DD0122A036CE}.Debug|x86.Build.0 = Debug|x86
		{77CC9E2D-A571-4ECC-9D10-DD0122A036CE}.Release|Any CPU.ActiveCfg = Release|x86
		{77CC9E2D-A571-4ECC-9D10-DD0122A036CE}.Release|Mixed Platforms.ActiveCfg = Release|x86
		{77CC9E2D-A571-4ECC-9D10-DD0122A036CE}.Release|Mixed Platforms.Build.0 = Release|x86
		{77CC9E2D-A571-4ECC-9D10-DD0122A036CE}.Release|x86.ActiveCfg = Release|x86
		{77CC9E2D-A571-4ECC-9D10-DD0122A036CE}.Release|x86.Build.0 = Release|x86
		{3BBCB834-F870-4F9A-8FB0-C1E676235A4B}.Debug|Any CPU.ActiveCfg = Debug|x86
		{3BBCB834-F870-4F9A-8FB0-C1E676235A4B}.Debug|Mixed Platforms.ActiveCfg = Debug|x86
		{3BBCB834-F870-4F9A-8FB0-C1E676235A4B}.Debug|Mixed Platforms.Build.0 = Debug|x86
		{3BBCB834-F870-4F9A-8FB0-C1E676235A4B}.Debug|x86.ActiveCfg = Debug|x86
		{3BBCB834-F870-4F9A-8FB0-C1E676235A4B}.Debug|x86.Build.0 = Debug|x86
		{3BBCB834-F870-4F9A-8FB0-C1E676235A4B}.Release|Any CPU.ActiveCfg = Release|x86
		{3BBCB834-F870-4F9A-8FB0-C1E676235A4B}.Release|Mixed Platforms.ActiveCfg = Release|x86
		{3BBCB834-F870-4F9A-8FB0-C1E676235A4B}.Release|Mixed Platforms.Build.0 = Release|x86
		{3BBCB834-F870-4F9A-8FB0-C1E676235A4B}.Release|x86.ActiveCfg = Release|x86
		{3BBCB834-F870-4F9A-8FB0-C1E676235A4B}.Release|x86.Build.0 = Release|x86
		{657668E3-BF2F-4ED9-B803-05147C09CC85}.Debug|Any CPU.ActiveCfg = Debug|x86
		{657668E3-BF2F-4ED9-B803-05147C09CC85}.Debug|Mixed Platforms.ActiveCfg = Debug|x86
		{657668E3-BF2F-4ED9-B803-05147C09CC85}.Debug|Mixed Platforms.Build.0 = Debug|x86
		{657668E3-BF2F-4ED9-B803-05147C09CC85}.Debug|x86.ActiveCfg = Debug|x86
		{657668E3-BF2F-4ED9-B803-05147C09CC85}.Debug|x86.Build.0 = Debug|x86
		{657668E3-BF2F-4ED9-B803-05147C09CC85}.Release|Any CPU.ActiveCfg = Release|x86
		{657668E3-BF2F-4ED9-B803-05147C09CC85}.Release|Mixed Platforms.ActiveCfg = Release|x86
		{657668E3-BF2F-4ED9-B803-05147C09CC85}.Release|Mixed Platforms.Build.0 = Release|x86
		{657668E3-BF2F-4ED9-B803-05147C09CC85}.Release|x86.ActiveCfg = Release|x86
		{657668E3-BF2F-4ED9-B803-05147C09CC85}.Release|x86.Build.0 = Release|x86
		{B6E2F19C-A177-4B94-93BC-6E69E1E736E5}.Debug|Any CPU.ActiveCfg = Debug|x86
		{B6E2F19C-A177-4B94-93BC-6E69E1E736E5}.Debug|Mixed Platforms.ActiveCfg = Debug|x86
		{B6E2F19C-A177-4B94-93BC-6E69E1E736E5}.Debug|Mixed Platforms.Build.0 = Debug|x86
		{B6E2F19C-A177-4B94-93BC-6E69E1E736E5}.Debug|x86.ActiveCfg = Debug|x86
		{B6E2F19C-A177-4B94-93BC-6E69E1E736E5}.Debug|x86.Build.0 = Debug|x86
		{B6E2F19C-A177-4B94-93BC-6E69E1E736E5}.Release|Any CPU.ActiveCfg = Release|x86
		{B6E2F19C-A177-4B94-93BC-6E69E1E736E5}.Release|Mixed Platforms.ActiveCfg = Release|x86
		{B6E2F19C-A177-4B94-93BC-6E69E1E736E5}.Release|Mixed Platforms.Build.0 = Release|x86
		{B6E2F19C-A177-4B94-93BC-6E69E1E736E5}.Release|x86.ActiveCfg = Release|x86
		{B6E2F19C-A177-4B94-93BC-6E69E1E736E5}.Release|x86.Build.0 = Release|x86
		{E1ED7B1B-5B49-4170-84A5-F43E42C0EDBF}.Debug|Any CPU.ActiveCfg = Debug|x86
		{E1ED7B1B-5B49-4170-84A5-F43E42C0EDBF}.Debug|Mixed Platforms.ActiveCfg = Debug|x86
		{E1ED7B1B-5B49-4170-84A5-F43E42C0EDBF}.Debug|Mixed Platforms.Build.0 = Debug|x86
		{E1ED7B1B-5B49-4170-84A5-F43E42C0EDBF}.Debug|x86.ActiveCfg = Debug|x86
		{E1ED7B1B-5B49-4170-84A5-F43E42C0EDBF}.Debug|x86.Build.0 = Debug|x86
		{E1ED7B1B-5B49-4170-84A5-F43E42C0EDBF}.Release|Any CPU.ActiveCfg = Release|x86
		{E1ED7B1B-5B49-4170-84A5-F43E42C0EDBF}.Release|Mixed Platforms.ActiveCfg = Release|x86
		{E1ED7B1B-5B49-4170-84A5-F43E42C0EDBF}.Release|Mixed Platforms.Build.0 = Release|x86
		{E1ED7B1B-5B49-4170-84A5-F43E42C0EDBF}.Release|x86.ActiveCfg = Release|x86
		{E1ED7B1B-5B49-4170-84A5-F43E42C0EDBF}.Release|x86.Build.0 = Release|x86
		{E905B02A-B5E9-4506-8AFD-02992F9BD6BD}.Debug|Any CPU.ActiveCfg = Debug|x86
		{E905B02A-B5E9-4506-8AFD-02992F9BD6BD}.Debug|Mixed Platforms.ActiveCfg = Debug|x86
		{E905B02A-B5E9-4506-8AFD-02992F9BD6BD}.Debug|Mixed Platforms.Build.0 = Debug|x86
		{E905B02A-B5E9-4506-8AFD-02992F9BD6BD}.Debug|x86.ActiveCfg = Debug|x86
		{E905B02A-B5E9-4506-8AFD-02992F9BD6BD}.Debug|x86.Build.0 = Debug|x86
		{E905B02A-B5E9-4506-8AFD-02992F9BD6BD}.Release|Any CPU.ActiveCfg = Release|x86
		{E905B02A-B5E9-4506-8AFD-02992F9BD6BD}.Release|Mixed Platforms.ActiveCfg = Release|x86
		{E905B02A-B5E9-4506-8AFD-02992F9BD6BD}.Release|Mixed Platforms.Build.0 = Release|x86
		{E905B02A-B5E9-4506-8AFD-02992F9BD6BD}.Release|x86.ActiveCfg = Release|x86
		{E905B02A-B5E9-4506-8AFD-02992F9BD6BD}.Release|x86.Build.0 = Release|x86
		{9D2C4059-BE31-41AB-B823-B595C92C5AC5}.Debug|Any CPU.ActiveCfg = Debug|x86
		{9D2C4059-BE31-41AB-B823-B595C92C5AC5}.Debug|Mixed Platforms.ActiveCfg = Debug|x86
		{9D2C4059-BE31-41AB-B823-B595C92C5AC5}.Debug|Mixed Platforms.Build.0 = Debug|x86
		{9D2C4059-BE31-41AB-B823-B595C92C5AC5}.Debug|x86.ActiveCfg = Debug|x86
		{9D2C4059-BE31-41AB-B823-B595C92C5AC5}.Debug|x86.Build.0 = Debug|x86
		{9D2C4059-BE31-41AB-B823-B595C92C5AC5}.Release|Any CPU.ActiveCfg = Release|x86
		{9D2C4059-BE31-41AB-B823-B595C92C5AC5}.Release|Mixed Platforms.ActiveCfg = Release|x86
		{9D2C4059-BE31-41AB-B823-B595C92C5AC5}.Release|Mixed Platforms.Build.0 = Release|x86
		{9D2C4059-BE31-41AB-B823-B595C92C5AC5}.Release|x86.ActiveCfg = Release|x86
		{9D2C4059-BE31-41AB-B823-B595C92C5AC5}.Release|x86.Build.0 = Release|x86
		{51851E87-40E2-47B0-87A4-D96E83D68D81}.Debug|Any CPU.ActiveCfg = Debug|x86
		{51851E87-40E2-47B0-87A4-D96E83D68D81}.Debug|Mixed Platforms.ActiveCfg = Debug|x86
		{51851E87-40E2-47B0-87A4-D96E83D68D81}.Debug|Mixed Platforms.Build.0 = Debug|x86
		{51851E87-40E2-47B0-87A4-D96E83D68D81}.Debug|x86.ActiveCfg = Debug|x86
		{51851E87-40E2-47B0-87A4-D96E83D68D81}.Debug|x86.Build.0 = Debug|x86
		{51851E87-40E2-47B0-87A4-D96E83D68D81}.Release|Any CPU.ActiveCfg = Release|x86
		{51851E87-40E2-47B0-87A4-D96E83D68D81}.Release|Mixed Platforms.ActiveCfg = Release|x86
		{51851E87-40E2-47B0-87A4-D96E83D68D81}.Release|Mixed Platforms.Build.0 = Release|x86
		{51851E87-40E2-47B0-87A4-D96E83D68D81}.Release|x86.ActiveCfg = Release|x86
		{51851E87-40E2-47B0-87A4-D96E83D68D81}.Release|x86.Build.0 = Release|x86
		{2FB2FCA4-035B-4799-A0BE-7B3430E23301}.Debug|Any CPU.ActiveCfg = Debug|x86
		{2FB2FCA4-035B-4799-A0BE-7B3430E23301}.Debug|Mixed Platforms.ActiveCfg = Debug|x86
		{2FB2FCA4-035B-4799-A0BE-7B3430E23301}.Debug|Mixed Platforms.Build.0 = Debug|x86
		{2FB2FCA4-035B-4799-A0BE-7B3430E23301}.Debug|x86.ActiveCfg = Debug|x86
		{2FB2FCA4-035B-4799-A0BE-7B3430E23301}.Debug|x86.Build.0 = Debug|x86
		{2FB2FCA4-035B-4799-A0BE-7B3430E23301}.Release|Any CPU.ActiveCfg = Release|x86
		{2FB2FCA4-035B-4799-A0BE-7B3430E23301}.Release|Mixed Platforms.ActiveCfg = Release|x86
		{2FB2FCA4-035B-4799-A0BE-7B3430E23301}.Release|Mixed Platforms.Build.0 = Release|x86
		{2FB2FCA4-035B-4799-A0BE-7B3430E23301}.Release|x86.ActiveCfg = Release|x86
		{2FB2FCA4-035B-4799-A0BE-7B3430E23301}.Release|x86.Build.0 = Release|x86
		{A2533D33-7D56-4504-BB4F-700554ED84F5}.Debug|Any CPU.ActiveCfg = Debug|x86
		{A2533D33-7D56-4504-BB4F-700554ED84F5}.Debug|Mixed Platforms.ActiveCfg = Debug|x86
		{A2533D33-7D56-4504-BB4F-700554ED84F5}.Debug|Mixed Platforms.Build.0 = Debug|x86
		{A2533D33-7D56-4504-BB4F-700554ED84F5}.Debug|x86.ActiveCfg = Debug|x86
		{A2533D33-7D56-4504-BB4F-700554ED84F5}.Debug|x86.Build.0 = Debug|x86
		{A2533D33-7D56-4504-BB4F-700554ED84F5}.Release|Any CPU.ActiveCfg = Release|x86
		{A2533D33-7D56-4504-BB4F-700554ED84F5}.Release|Mixed Platforms.ActiveCfg = Release|x86
		{A2533D33-7D56-4504-BB4F-700554ED84F5}.Release|Mixed Platforms.Build.0 = Release|x86
		{A2533D33-7D56-4504-BB4F-700554ED84F5}.Release|x86.ActiveCfg = Release|x86
		{A2533D33-7D56-4504-BB4F-700554ED84F5}.Release|x86.Build.0 = Release|x86
		{3937384C-33D0-4084-B56A-1AD6828250CC}.Debug|Any CPU.ActiveCfg = Debug|x86
		{3937384C-33D0-4084-B56A-1AD6828250CC}.Debug|Mixed Platforms.ActiveCfg = Debug|x86
		{3937384C-33D0-4084-B56A-1AD6828250CC}.Debug|Mixed Platforms.Build.0 = Debug|x86
		{3937384C-33D0-4084-B56A-1AD6828250CC}.Debug|x86.ActiveCfg = Debug|x86
		{3937384C-33D0-4084-B56A-1AD6828250CC}.Debug|x86.Build.0 = Debug|x86
		{3937384C-33D0-4084-B56A-1AD6828250CC}.Release|Any CPU.ActiveCfg = Release|x86
		{3937384C-33D0-4084-B56A-1AD6828250CC}.Release|Mixed Platforms.ActiveCfg = Release|x86
		{3937384C-33D0-4084-B56A-1AD6828250CC}.Release|Mixed Platforms.Build.0 = Release|x86
		{3937384C-33D0-4084-B56A-1AD6828250CC}.Release|x86.ActiveCfg = Release|x86
		{3937384C-33D0-4084-B56A-1AD6828250CC}.Release|x86.Build.0 = Release|x86
		{250F7E58-157F-4C17-BB80-82BDD427DBCD}.Debug|Any CPU.ActiveCfg = Debug|x86
		{250F7E58-157F-4C17-BB80-82BDD427DBCD}.Debug|Mixed Platforms.ActiveCfg = Debug|x86
		{250F7E58-157F-4C17-BB80-82BDD427DBCD}.Debug|Mixed Platforms.Build.0 = Debug|x86
		{250F7E58-157F-4C17-BB80-82BDD427DBCD}.Debug|x86.ActiveCfg = Debug|x86
		{250F7E58-157F-4C17-BB80-82BDD427DBCD}.Debug|x86.Build.0 = Debug|x86
		{250F7E58-157F-4C17-BB80-82BDD427DBCD}.Release|Any CPU.ActiveCfg = Release|x86
		{250F7E58-157F-4C17-BB80-82BDD427DBCD}.Release|Mixed Platforms.ActiveCfg = Release|x86
		{250F7E58-157F-4C17-BB80-82BDD427DBCD}.Release|Mixed Platforms.Build.0 = Release|x86
		{250F7E58-157F-4C17-BB80-82BDD427DBCD}.Release|x86.ActiveCfg = Release|x86
		{250F7E58-157F-4C17-BB80-82BDD427DBCD}.Release|x86.Build.0 = Release|x86
		{333D1FCA-D102-4B9B-89DD-4CD55BF0B6E5}.Debug|Any CPU.ActiveCfg = Debug|x86
		{333D1FCA-D102-4B9B-89DD-4CD55BF0B6E5}.Debug|Mixed Platforms.ActiveCfg = Debug|x86
		{333D1FCA-D102-4B9B-89DD-4CD55BF0B6E5}.Debug|Mixed Platforms.Build.0 = Debug|x86
		{333D1FCA-D102-4B9B-89DD-4CD55BF0B6E5}.Debug|x86.ActiveCfg = Debug|x86
		{333D1FCA-D102-4B9B-89DD-4CD55BF0B6E5}.Debug|x86.Build.0 = Debug|x86
		{333D1FCA-D102-4B9B-89DD-4CD55BF0B6E5}.Release|Any CPU.ActiveCfg = Release|x86
		{333D1FCA-D102-4B9B-89DD-4CD55BF0B6E5}.Release|Mixed Platforms.ActiveCfg = Release|x86
		{333D1FCA-D102-4B9B-89DD-4CD55BF0B6E5}.Release|Mixed Platforms.Build.0 = Release|x86
		{333D1FCA-D102-4B9B-89DD-4CD55BF0B6E5}.Release|x86.ActiveCfg = Release|x86
		{333D1FCA-D102-4B9B-89DD-4CD55BF0B6E5}.Release|x86.Build.0 = Release|x86
		{73B49850-641F-491D-9900-DDD7AE8B71DA}.Debug|Any CPU.ActiveCfg = Debug|x86
		{73B49850-641F-491D-9900-DDD7AE8B71DA}.Debug|Mixed Platforms.ActiveCfg = Debug|x86
		{73B49850-641F-491D-9900-DDD7AE8B71DA}.Debug|Mixed Platforms.Build.0 = Debug|x86
		{73B49850-641F-491D-9900-DDD7AE8B71DA}.Debug|x86.ActiveCfg = Debug|x86
		{73B49850-641F-491D-9900-DDD7AE8B71DA}.Debug|x86.Build.0 = Debug|x86
		{73B49850-641F-491D-9900-DDD7AE8B71DA}.Release|Any CPU.ActiveCfg = Release|x86
		{73B49850-641F-491D-9900-DDD7AE8B71DA}.Release|Mixed Platforms.ActiveCfg = Release|x86
		{73B49850-641F-491D-9900-DDD7AE8B71DA}.Release|Mixed Platforms.Build.0 = Release|x86
		{73B49850-641F-491D-9900-DDD7AE8B71DA}.Release|x86.ActiveCfg = Release|x86
		{73B49850-641F-491D-9900-DDD7AE8B71DA}.Release|x86.Build.0 = Release|x86
		{D4B5D623-8ED7-49A2-8B26-0C32E391869E}.Debug|Any CPU.ActiveCfg = Debug|x86
		{D4B5D623-8ED7-49A2-8B26-0C32E391869E}.Debug|Mixed Platforms.ActiveCfg = Debug|x86
		{D4B5D623-8ED7-49A2-8B26-0C32E391869E}.Debug|Mixed Platforms.Build.0 = Debug|x86
		{D4B5D623-8ED7-49A2-8B26-0C32E391869E}.Debug|x86.ActiveCfg = Debug|x86
		{D4B5D623-8ED7-49A2-8B26-0C32E391869E}.Debug|x86.Build.0 = Debug|x86
		{D4B5D623-8ED7-49A2-8B26-0C32E391869E}.Release|Any CPU.ActiveCfg = Release|x86
		{D4B5D623-8ED7-49A2-8B26-0C32E391869E}.Release|Mixed Platforms.ActiveCfg = Release|x86
		{D4B5D623-8ED7-49A2-8B26-0C32E391869E}.Release|Mixed Platforms.Build.0 = Release|x86
		{D4B5D623-8ED7-49A2-8B26-0C32E391869E}.Release|x86.ActiveCfg = Release|x86
		{D4B5D623-8ED7-49A2-8B26-0C32E391869E}.Release|x86.Build.0 = Release|x86
		{7BB1DCC2-1A0F-44EE-91AD-0099A127B283}.Debug|Any CPU.ActiveCfg = Debug|x86
		{7BB1DCC2-1A0F-44EE-91AD-0099A127B283}.Debug|Mixed Platforms.ActiveCfg = Debug|x86
		{7BB1DCC2-1A0F-44EE-91AD-0099A127B283}.Debug|Mixed Platforms.Build.0 = Debug|x86
		{7BB1DCC2-1A0F-44EE-91AD-0099A127B283}.Debug|x86.ActiveCfg = Debug|x86
		{7BB1DCC2-1A0F-44EE-91AD-0099A127B283}.Debug|x86.Build.0 = Debug|x86
		{7BB1DCC2-1A0F-44EE-91AD-0099A127B283}.Release|Any CPU.ActiveCfg = Release|x86
		{7BB1DCC2-1A0F-44EE-91AD-0099A127B283}.Release|Mixed Platforms.ActiveCfg = Release|x86
		{7BB1DCC2-1A0F-44EE-91AD-0099A127B283}.Release|Mixed Platforms.Build.0 = Release|x86
		{7BB1DCC2-1A0F-44EE-91AD-0099A127B283}.Release|x86.ActiveCfg = Release|x86
		{7BB1DCC2-1A0F-44EE-91AD-0099A127B283}.Release|x86.Build.0 = Release|x86
		{5DA62142-A4C2-4F96-A02C-E6E3D9DC7F9B}.Debug|Any CPU.ActiveCfg = Debug|x86
		{5DA62142-A4C2-4F96-A02C-E6E3D9DC7F9B}.Debug|Mixed Platforms.ActiveCfg = Debug|x86
		{5DA62142-A4C2-4F96-A02C-E6E3D9DC7F9B}.Debug|Mixed Platforms.Build.0 = Debug|x86
		{5DA62142-A4C2-4F96-A02C-E6E3D9DC7F9B}.Debug|x86.ActiveCfg = Debug|x86
		{5DA62142-A4C2-4F96-A02C-E6E3D9DC7F9B}.Debug|x86.Build.0 = Debug|x86
		{5DA62142-A4C2-4F96-A02C-E6E3D9DC7F9B}.Release|Any CPU.ActiveCfg = Release|x86
		{5DA62142-A4C2-4F96-A02C-E6E3D9DC7F9B}.Release|Mixed Platforms.ActiveCfg = Release|x86
		{5DA62142-A4C2-4F96-A02C-E6E3D9DC7F9B}.Release|Mixed Platforms.Build.0 = Release|x86
		{5DA62142-A4C2-4F96-A02C-E6E3D9DC7F9B}.Release|x86.ActiveCfg = Release|x86
		{5DA62142-A4C2-4F96-A02C-E6E3D9DC7F9B}.Release|x86.Build.0 = Release|x86
		{E9769423-2057-4727-8DBF-0653B0491605}.Debug|Any CPU.ActiveCfg = Debug|x86
		{E9769423-2057-4727-8DBF-0653B0491605}.Debug|Mixed Platforms.ActiveCfg = Debug|x86
		{E9769423-2057-4727-8DBF-0653B0491605}.Debug|Mixed Platforms.Build.0 = Debug|x86
		{E9769423-2057-4727-8DBF-0653B0491605}.Debug|x86.ActiveCfg = Debug|x86
		{E9769423-2057-4727-8DBF-0653B0491605}.Debug|x86.Build.0 = Debug|x86
		{E9769423-2057-4727-8DBF-0653B0491605}.Release|Any CPU.ActiveCfg = Release|x86
		{E9769423-2057-4727-8DBF-0653B0491605}.Release|Mixed Platforms.ActiveCfg = Release|x86
		{E9769423-2057-4727-8DBF-0653B0491605}.Release|Mixed Platforms.Build.0 = Release|x86
		{E9769423-2057-4727-8DBF-0653B0491605}.Release|x86.ActiveCfg = Release|x86
		{E9769423-2057-4727-8DBF-0653B0491605}.Release|x86.Build.0 = Release|x86
		{A0A0640D-3624-4ED2-8777-E54B26F48DDC}.Debug|Any CPU.ActiveCfg = Debug|x86
		{A0A0640D-3624-4ED2-8777-E54B26F48DDC}.Debug|Mixed Platforms.ActiveCfg = Debug|x86
		{A0A0640D-3624-4ED2-8777-E54B26F48DDC}.Debug|Mixed Platforms.Build.0 = Debug|x86
		{A0A0640D-3624-4ED2-8777-E54B26F48DDC}.Debug|x86.ActiveCfg = Debug|x86
		{A0A0640D-3624-4ED2-8777-E54B26F48DDC}.Debug|x86.Build.0 = Debug|x86
		{A0A0640D-3624-4ED2-8777-E54B26F48DDC}.Release|Any CPU.ActiveCfg = Release|x86
		{A0A0640D-3624-4ED2-8777-E54B26F48DDC}.Release|Mixed Platforms.ActiveCfg = Release|x86
		{A0A0640D-3624-4ED2-8777-E54B26F48DDC}.Release|Mixed Platforms.Build.0 = Release|x86
		{A0A0640D-3624-4ED2-8777-E54B26F48DDC}.Release|x86.ActiveCfg = Release|x86
		{A0A0640D-3624-4ED2-8777-E54B26F48DDC}.Release|x86.Build.0 = Release|x86
		{2340B5A4-8CED-43EF-AF4D-D1325E28B744}.Debug|Any CPU.ActiveCfg = Debug|x86
		{2340B5A4-8CED-43EF-AF4D-D1325E28B744}.Debug|Mixed Platforms.ActiveCfg = Debug|x86
		{2340B5A4-8CED-43EF-AF4D-D1325E28B744}.Debug|Mixed Platforms.Build.0 = Debug|x86
		{2340B5A4-8CED-43EF-AF4D-D1325E28B744}.Debug|x86.ActiveCfg = Debug|x86
		{2340B5A4-8CED-43EF-AF4D-D1325E28B744}.Debug|x86.Build.0 = Debug|x86
		{2340B5A4-8CED-43EF-AF4D-D1325E28B744}.Release|Any CPU.ActiveCfg = Release|x86
		{2340B5A4-8CED-43EF-AF4D-D1325E28B744}.Release|Mixed Platforms.ActiveCfg = Release|x86
		{2340B5A4-8CED-43EF-AF4D-D1325E28B744}.Release|Mixed Platforms.Build.0 = Release|x86
		{2340B5A4-8CED-43EF-AF4D-D1325E28B744}.Release|x86.ActiveCfg = Release|x86
		{2340B5A4-8CED-43EF-AF4D-D1325E28B744}.Release|x86.Build.0 = Release|x86
		{600AEE45-C5E0-4C9A-AD87-DF04A59FC6B1}.Debug|Any CPU.ActiveCfg = Debug|x86
		{600AEE45-C5E0-4C9A-AD87-DF04A59FC6B1}.Debug|Mixed Platforms.ActiveCfg = Debug|x86
		{600AEE45-C5E0-4C9A-AD87-DF04A59FC6B1}.Debug|Mixed Platforms.Build.0 = Debug|x86
		{600AEE45-C5E0-4C9A-AD87-DF04A59FC6B1}.Debug|x86.ActiveCfg = Debug|x86
		{600AEE45-C5E0-4C9A-AD87-DF04A59FC6B1}.Debug|x86.Build.0 = Debug|x86
		{600AEE45-C5E0-4C9A-AD87-DF04A59FC6B1}.Release|Any CPU.ActiveCfg = Release|x86
		{600AEE45-C5E0-4C9A-AD87-DF04A59FC6B1}.Release|Mixed Platforms.ActiveCfg = Release|x86
		{600AEE45-C5E0-4C9A-AD87-DF04A59FC6B1}.Release|Mixed Platforms.Build.0 = Release|x86
		{600AEE45-C5E0-4C9A-AD87-DF04A59FC6B1}.Release|x86.ActiveCfg = Release|x86
		{600AEE45-C5E0-4C9A-AD87-DF04A59FC6B1}.Release|x86.Build.0 = Release|x86
		{7538FEEE-FDD7-4C42-A2F5-BF3E75612A29}.Debug|Any CPU.ActiveCfg = Debug|x86
		{7538FEEE-FDD7-4C42-A2F5-BF3E75612A29}.Debug|Mixed Platforms.ActiveCfg = Debug|x86
		{7538FEEE-FDD7-4C42-A2F5-BF3E75612A29}.Debug|Mixed Platforms.Build.0 = Debug|x86
		{7538FEEE-FDD7-4C42-A2F5-BF3E75612A29}.Debug|x86.ActiveCfg = Debug|x86
		{7538FEEE-FDD7-4C42-A2F5-BF3E75612A29}.Debug|x86.Build.0 = Debug|x86
		{7538FEEE-FDD7-4C42-A2F5-BF3E75612A29}.Release|Any CPU.ActiveCfg = Release|x86
		{7538FEEE-FDD7-4C42-A2F5-BF3E75612A29}.Release|Mixed Platforms.ActiveCfg = Release|x86
		{7538FEEE-FDD7-4C42-A2F5-BF3E75612A29}.Release|Mixed Platforms.Build.0 = Release|x86
		{7538FEEE-FDD7-4C42-A2F5-BF3E75612A29}.Release|x86.ActiveCfg = Release|x86
		{7538FEEE-FDD7-4C42-A2F5-BF3E75612A29}.Release|x86.Build.0 = Release|x86
		{171D2004-B0EC-44CD-8FC8-370F12B688D7}.Debug|Any CPU.ActiveCfg = Debug|x86
		{171D2004-B0EC-44CD-8FC8-370F12B688D7}.Debug|Mixed Platforms.ActiveCfg = Debug|x86
		{171D2004-B0EC-44CD-8FC8-370F12B688D7}.Debug|Mixed Platforms.Build.0 = Debug|x86
		{171D2004-B0EC-44CD-8FC8-370F12B688D7}.Debug|x86.ActiveCfg = Debug|x86
		{171D2004-B0EC-44CD-8FC8-370F12B688D7}.Debug|x86.Build.0 = Debug|x86
		{171D2004-B0EC-44CD-8FC8-370F12B688D7}.Release|Any CPU.ActiveCfg = Release|x86
		{171D2004-B0EC-44CD-8FC8-370F12B688D7}.Release|Mixed Platforms.ActiveCfg = Release|x86
		{171D2004-B0EC-44CD-8FC8-370F12B688D7}.Release|Mixed Platforms.Build.0 = Release|x86
		{171D2004-B0EC-44CD-8FC8-370F12B688D7}.Release|x86.ActiveCfg = Release|x86
		{171D2004-B0EC-44CD-8FC8-370F12B688D7}.Release|x86.Build.0 = Release|x86
		{447DC796-5A4F-440F-A3BB-54E8B2367A84}.Debug|Any CPU.ActiveCfg = Debug|x86
		{447DC796-5A4F-440F-A3BB-54E8B2367A84}.Debug|Mixed Platforms.ActiveCfg = Debug|x86
		{447DC796-5A4F-440F-A3BB-54E8B2367A84}.Debug|Mixed Platforms.Build.0 = Debug|x86
		{447DC796-5A4F-440F-A3BB-54E8B2367A84}.Debug|x86.ActiveCfg = Debug|x86
		{447DC796-5A4F-440F-A3BB-54E8B2367A84}.Debug|x86.Build.0 = Debug|x86
		{447DC796-5A4F-440F-A3BB-54E8B2367A84}.Release|Any CPU.ActiveCfg = Release|x86
		{447DC796-5A4F-440F-A3BB-54E8B2367A84}.Release|Mixed Platforms.ActiveCfg = Release|x86
		{447DC796-5A4F-440F-A3BB-54E8B2367A84}.Release|Mixed Platforms.Build.0 = Release|x86
		{447DC796-5A4F-440F-A3BB-54E8B2367A84}.Release|x86.ActiveCfg = Release|x86
		{447DC796-5A4F-440F-A3BB-54E8B2367A84}.Release|x86.Build.0 = Release|x86
	EndGlobalSection
	GlobalSection(SolutionProperties) = preSolution
		HideSolutionNode = FALSE
	EndGlobalSection
EndGlobal
