
Microsoft Visual Studio Solution File, Format Version 11.00
# Visual Studio 2010
Project("{FAE04EC0-301F-11D3-BF4B-00C04F79EFBC}") = "Euler", "Euler\Euler.csproj", "{20A391D9-1257-495A-9E0B-0908A75F8A8B}"
EndProject
Project("{FAE04EC0-301F-11D3-BF4B-00C04F79EFBC}") = "TestEuler", "TestEuler\TestEuler.csproj", "{264A7612-FFF0-430F-8152-9F8D7B74F97B}"
EndProject
Project("{2150E333-8FDC-42A3-9474-1A3956D46DE8}") = "Solution Items", "Solution Items", "{29FAA448-1C01-4477-A33D-46C4CEA73E9C}"
	ProjectSection(SolutionItems) = preProject
		Euler.vsmdi = Euler.vsmdi
		Local.testsettings = Local.testsettings
		TraceAndTestImpact.testsettings = TraceAndTestImpact.testsettings
	EndProjectSection
EndProject
Project("{FAE04EC0-301F-11D3-BF4B-00C04F79EFBC}") = "Problem002", "..\Problem2\Problem2\Problem002.csproj", "{3CBAB2AF-F350-45D8-B28C-6BC534389FCE}"
EndProject
Project("{FAE04EC0-301F-11D3-BF4B-00C04F79EFBC}") = "Problem003", "Problem3\Problem003.csproj", "{05872962-8714-4D14-B04F-EBA587610539}"
EndProject
Project("{FAE04EC0-301F-11D3-BF4B-00C04F79EFBC}") = "Problem004", "Problem4\Problem004.csproj", "{352BA0F5-563A-4B6E-AC63-B822EAAC5970}"
EndProject
Project("{FAE04EC0-301F-11D3-BF4B-00C04F79EFBC}") = "Problem005", "Problem5\Problem005.csproj", "{F53789C5-7197-4A31-914E-FB0599EC626F}"
EndProject
Project("{FAE04EC0-301F-11D3-BF4B-00C04F79EFBC}") = "Problem006", "Problem6\Problem006.csproj", "{95064FBC-99D6-44F6-88F9-3491438D5E28}"
EndProject
Project("{FAE04EC0-301F-11D3-BF4B-00C04F79EFBC}") = "Problem007", "Problem7\Problem007.csproj", "{1A04B63C-92EB-4E3A-82D7-3A63907384A5}"
EndProject
Project("{FAE04EC0-301F-11D3-BF4B-00C04F79EFBC}") = "Problem008", "Problem8\Problem008.csproj", "{09BFCB41-E322-4408-9BEB-AE7DBE18C7B3}"
EndProject
Project("{FAE04EC0-301F-11D3-BF4B-00C04F79EFBC}") = "Problem009", "Problem9\Problem009.csproj", "{6154DA95-E187-4F0E-959A-3C20C37F9086}"
EndProject
Project("{FAE04EC0-301F-11D3-BF4B-00C04F79EFBC}") = "Problem010", "Problem10\Problem010.csproj", "{52CB9BED-D142-48B2-9C28-998B8EFB0EE2}"
EndProject
Project("{FAE04EC0-301F-11D3-BF4B-00C04F79EFBC}") = "Problem011", "Problem011\Problem011.csproj", "{7878FAA7-A1B4-4DE4-BBE3-9A3738CA9D67}"
EndProject
Project("{FAE04EC0-301F-11D3-BF4B-00C04F79EFBC}") = "Problem012", "Problem12\Problem012.csproj", "{764B0615-CBA4-4CC6-A76A-392CF23E5FDF}"
EndProject
Project("{FAE04EC0-301F-11D3-BF4B-00C04F79EFBC}") = "Problem013", "Problem013\Problem013.csproj", "{ADAE328A-6B29-46B3-8FB4-1AEC5355A76C}"
EndProject
Project("{FAE04EC0-301F-11D3-BF4B-00C04F79EFBC}") = "Problem014", "Problem14\Problem014.csproj", "{CDE21D1B-153B-4A47-8C44-B806588F3C79}"
EndProject
Project("{FAE04EC0-301F-11D3-BF4B-00C04F79EFBC}") = "Problem015", "Problem015\Problem015.csproj", "{603762A5-9AB4-4E59-99CA-F73C67712EB3}"
EndProject
Project("{FAE04EC0-301F-11D3-BF4B-00C04F79EFBC}") = "Problem016", "Problem016\Problem016.csproj", "{8098A21A-4B2D-40C7-9B92-5672C1417592}"
EndProject
Project("{FAE04EC0-301F-11D3-BF4B-00C04F79EFBC}") = "Problem017", "Problem017\Problem017.csproj", "{F9B9AF27-366F-4BB6-BE34-CCE4CDDEFCC1}"
EndProject
Global
	GlobalSection(TestCaseManagementSettings) = postSolution
		CategoryFile = Euler.vsmdi
	EndGlobalSection
	GlobalSection(SolutionConfigurationPlatforms) = preSolution
		Debug|Any CPU = Debug|Any CPU
		Debug|Mixed Platforms = Debug|Mixed Platforms
		Debug|x86 = Debug|x86
		Release|Any CPU = Release|Any CPU
		Release|Mixed Platforms = Release|Mixed Platforms
		Release|x86 = Release|x86
	EndGlobalSection
	GlobalSection(ProjectConfigurationPlatforms) = postSolution
		{20A391D9-1257-495A-9E0B-0908A75F8A8B}.Debug|Any CPU.ActiveCfg = Debug|Any CPU
		{20A391D9-1257-495A-9E0B-0908A75F8A8B}.Debug|Any CPU.Build.0 = Debug|Any CPU
		{20A391D9-1257-495A-9E0B-0908A75F8A8B}.Debug|Mixed Platforms.ActiveCfg = Debug|Any CPU
		{20A391D9-1257-495A-9E0B-0908A75F8A8B}.Debug|Mixed Platforms.Build.0 = Debug|Any CPU
		{20A391D9-1257-495A-9E0B-0908A75F8A8B}.Debug|x86.ActiveCfg = Debug|Any CPU
		{20A391D9-1257-495A-9E0B-0908A75F8A8B}.Release|Any CPU.ActiveCfg = Release|Any CPU
		{20A391D9-1257-495A-9E0B-0908A75F8A8B}.Release|Any CPU.Build.0 = Release|Any CPU
		{20A391D9-1257-495A-9E0B-0908A75F8A8B}.Release|Mixed Platforms.ActiveCfg = Release|Any CPU
		{20A391D9-1257-495A-9E0B-0908A75F8A8B}.Release|Mixed Platforms.Build.0 = Release|Any CPU
		{20A391D9-1257-495A-9E0B-0908A75F8A8B}.Release|x86.ActiveCfg = Release|Any CPU
		{264A7612-FFF0-430F-8152-9F8D7B74F97B}.Debug|Any CPU.ActiveCfg = Debug|Any CPU
		{264A7612-FFF0-430F-8152-9F8D7B74F97B}.Debug|Any CPU.Build.0 = Debug|Any CPU
		{264A7612-FFF0-430F-8152-9F8D7B74F97B}.Debug|Mixed Platforms.ActiveCfg = Debug|Any CPU
		{264A7612-FFF0-430F-8152-9F8D7B74F97B}.Debug|Mixed Platforms.Build.0 = Debug|Any CPU
		{264A7612-FFF0-430F-8152-9F8D7B74F97B}.Debug|x86.ActiveCfg = Debug|Any CPU
		{264A7612-FFF0-430F-8152-9F8D7B74F97B}.Release|Any CPU.ActiveCfg = Release|Any CPU
		{264A7612-FFF0-430F-8152-9F8D7B74F97B}.Release|Any CPU.Build.0 = Release|Any CPU
		{264A7612-FFF0-430F-8152-9F8D7B74F97B}.Release|Mixed Platforms.ActiveCfg = Release|Any CPU
		{264A7612-FFF0-430F-8152-9F8D7B74F97B}.Release|Mixed Platforms.Build.0 = Release|Any CPU
		{264A7612-FFF0-430F-8152-9F8D7B74F97B}.Release|x86.ActiveCfg = Release|Any CPU
		{3CBAB2AF-F350-45D8-B28C-6BC534389FCE}.Debug|Any CPU.ActiveCfg = Debug|x86
		{3CBAB2AF-F350-45D8-B28C-6BC534389FCE}.Debug|Mixed Platforms.ActiveCfg = Debug|x86
		{3CBAB2AF-F350-45D8-B28C-6BC534389FCE}.Debug|Mixed Platforms.Build.0 = Debug|x86
		{3CBAB2AF-F350-45D8-B28C-6BC534389FCE}.Debug|x86.ActiveCfg = Debug|x86
		{3CBAB2AF-F350-45D8-B28C-6BC534389FCE}.Debug|x86.Build.0 = Debug|x86
		{3CBAB2AF-F350-45D8-B28C-6BC534389FCE}.Release|Any CPU.ActiveCfg = Release|x86
		{3CBAB2AF-F350-45D8-B28C-6BC534389FCE}.Release|Mixed Platforms.ActiveCfg = Release|x86
		{3CBAB2AF-F350-45D8-B28C-6BC534389FCE}.Release|Mixed Platforms.Build.0 = Release|x86
		{3CBAB2AF-F350-45D8-B28C-6BC534389FCE}.Release|x86.ActiveCfg = Release|x86
		{3CBAB2AF-F350-45D8-B28C-6BC534389FCE}.Release|x86.Build.0 = Release|x86
		{05872962-8714-4D14-B04F-EBA587610539}.Debug|Any CPU.ActiveCfg = Debug|x86
		{05872962-8714-4D14-B04F-EBA587610539}.Debug|Mixed Platforms.ActiveCfg = Debug|x86
		{05872962-8714-4D14-B04F-EBA587610539}.Debug|Mixed Platforms.Build.0 = Debug|x86
		{05872962-8714-4D14-B04F-EBA587610539}.Debug|x86.ActiveCfg = Debug|x86
		{05872962-8714-4D14-B04F-EBA587610539}.Debug|x86.Build.0 = Debug|x86
		{05872962-8714-4D14-B04F-EBA587610539}.Release|Any CPU.ActiveCfg = Release|x86
		{05872962-8714-4D14-B04F-EBA587610539}.Release|Mixed Platforms.ActiveCfg = Release|x86
		{05872962-8714-4D14-B04F-EBA587610539}.Release|Mixed Platforms.Build.0 = Release|x86
		{05872962-8714-4D14-B04F-EBA587610539}.Release|x86.ActiveCfg = Release|x86
		{05872962-8714-4D14-B04F-EBA587610539}.Release|x86.Build.0 = Release|x86
		{352BA0F5-563A-4B6E-AC63-B822EAAC5970}.Debug|Any CPU.ActiveCfg = Debug|x86
		{352BA0F5-563A-4B6E-AC63-B822EAAC5970}.Debug|Mixed Platforms.ActiveCfg = Debug|x86
		{352BA0F5-563A-4B6E-AC63-B822EAAC5970}.Debug|Mixed Platforms.Build.0 = Debug|x86
		{352BA0F5-563A-4B6E-AC63-B822EAAC5970}.Debug|x86.ActiveCfg = Debug|x86
		{352BA0F5-563A-4B6E-AC63-B822EAAC5970}.Debug|x86.Build.0 = Debug|x86
		{352BA0F5-563A-4B6E-AC63-B822EAAC5970}.Release|Any CPU.ActiveCfg = Release|x86
		{352BA0F5-563A-4B6E-AC63-B822EAAC5970}.Release|Mixed Platforms.ActiveCfg = Release|x86
		{352BA0F5-563A-4B6E-AC63-B822EAAC5970}.Release|Mixed Platforms.Build.0 = Release|x86
		{352BA0F5-563A-4B6E-AC63-B822EAAC5970}.Release|x86.ActiveCfg = Release|x86
		{352BA0F5-563A-4B6E-AC63-B822EAAC5970}.Release|x86.Build.0 = Release|x86
		{F53789C5-7197-4A31-914E-FB0599EC626F}.Debug|Any CPU.ActiveCfg = Debug|x86
		{F53789C5-7197-4A31-914E-FB0599EC626F}.Debug|Mixed Platforms.ActiveCfg = Debug|x86
		{F53789C5-7197-4A31-914E-FB0599EC626F}.Debug|Mixed Platforms.Build.0 = Debug|x86
		{F53789C5-7197-4A31-914E-FB0599EC626F}.Debug|x86.ActiveCfg = Debug|x86
		{F53789C5-7197-4A31-914E-FB0599EC626F}.Debug|x86.Build.0 = Debug|x86
		{F53789C5-7197-4A31-914E-FB0599EC626F}.Release|Any CPU.ActiveCfg = Release|x86
		{F53789C5-7197-4A31-914E-FB0599EC626F}.Release|Mixed Platforms.ActiveCfg = Release|x86
		{F53789C5-7197-4A31-914E-FB0599EC626F}.Release|Mixed Platforms.Build.0 = Release|x86
		{F53789C5-7197-4A31-914E-FB0599EC626F}.Release|x86.ActiveCfg = Release|x86
		{F53789C5-7197-4A31-914E-FB0599EC626F}.Release|x86.Build.0 = Release|x86
		{95064FBC-99D6-44F6-88F9-3491438D5E28}.Debug|Any CPU.ActiveCfg = Debug|x86
		{95064FBC-99D6-44F6-88F9-3491438D5E28}.Debug|Mixed Platforms.ActiveCfg = Debug|x86
		{95064FBC-99D6-44F6-88F9-3491438D5E28}.Debug|Mixed Platforms.Build.0 = Debug|x86
		{95064FBC-99D6-44F6-88F9-3491438D5E28}.Debug|x86.ActiveCfg = Debug|x86
		{95064FBC-99D6-44F6-88F9-3491438D5E28}.Debug|x86.Build.0 = Debug|x86
		{95064FBC-99D6-44F6-88F9-3491438D5E28}.Release|Any CPU.ActiveCfg = Release|x86
		{95064FBC-99D6-44F6-88F9-3491438D5E28}.Release|Mixed Platforms.ActiveCfg = Release|x86
		{95064FBC-99D6-44F6-88F9-3491438D5E28}.Release|Mixed Platforms.Build.0 = Release|x86
		{95064FBC-99D6-44F6-88F9-3491438D5E28}.Release|x86.ActiveCfg = Release|x86
		{95064FBC-99D6-44F6-88F9-3491438D5E28}.Release|x86.Build.0 = Release|x86
		{1A04B63C-92EB-4E3A-82D7-3A63907384A5}.Debug|Any CPU.ActiveCfg = Debug|x86
		{1A04B63C-92EB-4E3A-82D7-3A63907384A5}.Debug|Mixed Platforms.ActiveCfg = Debug|x86
		{1A04B63C-92EB-4E3A-82D7-3A63907384A5}.Debug|Mixed Platforms.Build.0 = Debug|x86
		{1A04B63C-92EB-4E3A-82D7-3A63907384A5}.Debug|x86.ActiveCfg = Debug|x86
		{1A04B63C-92EB-4E3A-82D7-3A63907384A5}.Debug|x86.Build.0 = Debug|x86
		{1A04B63C-92EB-4E3A-82D7-3A63907384A5}.Release|Any CPU.ActiveCfg = Release|x86
		{1A04B63C-92EB-4E3A-82D7-3A63907384A5}.Release|Mixed Platforms.ActiveCfg = Release|x86
		{1A04B63C-92EB-4E3A-82D7-3A63907384A5}.Release|Mixed Platforms.Build.0 = Release|x86
		{1A04B63C-92EB-4E3A-82D7-3A63907384A5}.Release|x86.ActiveCfg = Release|x86
		{1A04B63C-92EB-4E3A-82D7-3A63907384A5}.Release|x86.Build.0 = Release|x86
		{09BFCB41-E322-4408-9BEB-AE7DBE18C7B3}.Debug|Any CPU.ActiveCfg = Debug|x86
		{09BFCB41-E322-4408-9BEB-AE7DBE18C7B3}.Debug|Mixed Platforms.ActiveCfg = Debug|x86
		{09BFCB41-E322-4408-9BEB-AE7DBE18C7B3}.Debug|Mixed Platforms.Build.0 = Debug|x86
		{09BFCB41-E322-4408-9BEB-AE7DBE18C7B3}.Debug|x86.ActiveCfg = Debug|x86
		{09BFCB41-E322-4408-9BEB-AE7DBE18C7B3}.Debug|x86.Build.0 = Debug|x86
		{09BFCB41-E322-4408-9BEB-AE7DBE18C7B3}.Release|Any CPU.ActiveCfg = Release|x86
		{09BFCB41-E322-4408-9BEB-AE7DBE18C7B3}.Release|Mixed Platforms.ActiveCfg = Release|x86
		{09BFCB41-E322-4408-9BEB-AE7DBE18C7B3}.Release|Mixed Platforms.Build.0 = Release|x86
		{09BFCB41-E322-4408-9BEB-AE7DBE18C7B3}.Release|x86.ActiveCfg = Release|x86
		{09BFCB41-E322-4408-9BEB-AE7DBE18C7B3}.Release|x86.Build.0 = Release|x86
		{6154DA95-E187-4F0E-959A-3C20C37F9086}.Debug|Any CPU.ActiveCfg = Debug|x86
		{6154DA95-E187-4F0E-959A-3C20C37F9086}.Debug|Mixed Platforms.ActiveCfg = Debug|x86
		{6154DA95-E187-4F0E-959A-3C20C37F9086}.Debug|Mixed Platforms.Build.0 = Debug|x86
		{6154DA95-E187-4F0E-959A-3C20C37F9086}.Debug|x86.ActiveCfg = Debug|x86
		{6154DA95-E187-4F0E-959A-3C20C37F9086}.Debug|x86.Build.0 = Debug|x86
		{6154DA95-E187-4F0E-959A-3C20C37F9086}.Release|Any CPU.ActiveCfg = Release|x86
		{6154DA95-E187-4F0E-959A-3C20C37F9086}.Release|Mixed Platforms.ActiveCfg = Release|x86
		{6154DA95-E187-4F0E-959A-3C20C37F9086}.Release|Mixed Platforms.Build.0 = Release|x86
		{6154DA95-E187-4F0E-959A-3C20C37F9086}.Release|x86.ActiveCfg = Release|x86
		{6154DA95-E187-4F0E-959A-3C20C37F9086}.Release|x86.Build.0 = Release|x86
		{52CB9BED-D142-48B2-9C28-998B8EFB0EE2}.Debug|Any CPU.ActiveCfg = Debug|x86
		{52CB9BED-D142-48B2-9C28-998B8EFB0EE2}.Debug|Mixed Platforms.ActiveCfg = Debug|x86
		{52CB9BED-D142-48B2-9C28-998B8EFB0EE2}.Debug|Mixed Platforms.Build.0 = Debug|x86
		{52CB9BED-D142-48B2-9C28-998B8EFB0EE2}.Debug|x86.ActiveCfg = Debug|x86
		{52CB9BED-D142-48B2-9C28-998B8EFB0EE2}.Debug|x86.Build.0 = Debug|x86
		{52CB9BED-D142-48B2-9C28-998B8EFB0EE2}.Release|Any CPU.ActiveCfg = Release|x86
		{52CB9BED-D142-48B2-9C28-998B8EFB0EE2}.Release|Mixed Platforms.ActiveCfg = Release|x86
		{52CB9BED-D142-48B2-9C28-998B8EFB0EE2}.Release|Mixed Platforms.Build.0 = Release|x86
		{52CB9BED-D142-48B2-9C28-998B8EFB0EE2}.Release|x86.ActiveCfg = Release|x86
		{52CB9BED-D142-48B2-9C28-998B8EFB0EE2}.Release|x86.Build.0 = Release|x86
		{7878FAA7-A1B4-4DE4-BBE3-9A3738CA9D67}.Debug|Any CPU.ActiveCfg = Debug|x86
		{7878FAA7-A1B4-4DE4-BBE3-9A3738CA9D67}.Debug|Mixed Platforms.ActiveCfg = Debug|x86
		{7878FAA7-A1B4-4DE4-BBE3-9A3738CA9D67}.Debug|Mixed Platforms.Build.0 = Debug|x86
		{7878FAA7-A1B4-4DE4-BBE3-9A3738CA9D67}.Debug|x86.ActiveCfg = Debug|x86
		{7878FAA7-A1B4-4DE4-BBE3-9A3738CA9D67}.Debug|x86.Build.0 = Debug|x86
		{7878FAA7-A1B4-4DE4-BBE3-9A3738CA9D67}.Release|Any CPU.ActiveCfg = Release|x86
		{7878FAA7-A1B4-4DE4-BBE3-9A3738CA9D67}.Release|Mixed Platforms.ActiveCfg = Release|x86
		{7878FAA7-A1B4-4DE4-BBE3-9A3738CA9D67}.Release|Mixed Platforms.Build.0 = Release|x86
		{7878FAA7-A1B4-4DE4-BBE3-9A3738CA9D67}.Release|x86.ActiveCfg = Release|x86
		{7878FAA7-A1B4-4DE4-BBE3-9A3738CA9D67}.Release|x86.Build.0 = Release|x86
		{764B0615-CBA4-4CC6-A76A-392CF23E5FDF}.Debug|Any CPU.ActiveCfg = Debug|x86
		{764B0615-CBA4-4CC6-A76A-392CF23E5FDF}.Debug|Mixed Platforms.ActiveCfg = Debug|x86
		{764B0615-CBA4-4CC6-A76A-392CF23E5FDF}.Debug|Mixed Platforms.Build.0 = Debug|x86
		{764B0615-CBA4-4CC6-A76A-392CF23E5FDF}.Debug|x86.ActiveCfg = Debug|x86
		{764B0615-CBA4-4CC6-A76A-392CF23E5FDF}.Debug|x86.Build.0 = Debug|x86
		{764B0615-CBA4-4CC6-A76A-392CF23E5FDF}.Release|Any CPU.ActiveCfg = Release|x86
		{764B0615-CBA4-4CC6-A76A-392CF23E5FDF}.Release|Mixed Platforms.ActiveCfg = Release|x86
		{764B0615-CBA4-4CC6-A76A-392CF23E5FDF}.Release|Mixed Platforms.Build.0 = Release|x86
		{764B0615-CBA4-4CC6-A76A-392CF23E5FDF}.Release|x86.ActiveCfg = Release|x86
		{764B0615-CBA4-4CC6-A76A-392CF23E5FDF}.Release|x86.Build.0 = Release|x86
		{ADAE328A-6B29-46B3-8FB4-1AEC5355A76C}.Debug|Any CPU.ActiveCfg = Debug|x86
		{ADAE328A-6B29-46B3-8FB4-1AEC5355A76C}.Debug|Mixed Platforms.ActiveCfg = Debug|x86
		{ADAE328A-6B29-46B3-8FB4-1AEC5355A76C}.Debug|Mixed Platforms.Build.0 = Debug|x86
		{ADAE328A-6B29-46B3-8FB4-1AEC5355A76C}.Debug|x86.ActiveCfg = Debug|x86
		{ADAE328A-6B29-46B3-8FB4-1AEC5355A76C}.Debug|x86.Build.0 = Debug|x86
		{ADAE328A-6B29-46B3-8FB4-1AEC5355A76C}.Release|Any CPU.ActiveCfg = Release|x86
		{ADAE328A-6B29-46B3-8FB4-1AEC5355A76C}.Release|Mixed Platforms.ActiveCfg = Release|x86
		{ADAE328A-6B29-46B3-8FB4-1AEC5355A76C}.Release|Mixed Platforms.Build.0 = Release|x86
		{ADAE328A-6B29-46B3-8FB4-1AEC5355A76C}.Release|x86.ActiveCfg = Release|x86
		{ADAE328A-6B29-46B3-8FB4-1AEC5355A76C}.Release|x86.Build.0 = Release|x86
		{CDE21D1B-153B-4A47-8C44-B806588F3C79}.Debug|Any CPU.ActiveCfg = Debug|x86
		{CDE21D1B-153B-4A47-8C44-B806588F3C79}.Debug|Mixed Platforms.ActiveCfg = Debug|x86
		{CDE21D1B-153B-4A47-8C44-B806588F3C79}.Debug|Mixed Platforms.Build.0 = Debug|x86
		{CDE21D1B-153B-4A47-8C44-B806588F3C79}.Debug|x86.ActiveCfg = Debug|x86
		{CDE21D1B-153B-4A47-8C44-B806588F3C79}.Debug|x86.Build.0 = Debug|x86
		{CDE21D1B-153B-4A47-8C44-B806588F3C79}.Release|Any CPU.ActiveCfg = Release|x86
		{CDE21D1B-153B-4A47-8C44-B806588F3C79}.Release|Mixed Platforms.ActiveCfg = Release|x86
		{CDE21D1B-153B-4A47-8C44-B806588F3C79}.Release|Mixed Platforms.Build.0 = Release|x86
		{CDE21D1B-153B-4A47-8C44-B806588F3C79}.Release|x86.ActiveCfg = Release|x86
		{CDE21D1B-153B-4A47-8C44-B806588F3C79}.Release|x86.Build.0 = Release|x86
		{603762A5-9AB4-4E59-99CA-F73C67712EB3}.Debug|Any CPU.ActiveCfg = Debug|x86
		{603762A5-9AB4-4E59-99CA-F73C67712EB3}.Debug|Mixed Platforms.ActiveCfg = Debug|x86
		{603762A5-9AB4-4E59-99CA-F73C67712EB3}.Debug|Mixed Platforms.Build.0 = Debug|x86
		{603762A5-9AB4-4E59-99CA-F73C67712EB3}.Debug|x86.ActiveCfg = Debug|x86
		{603762A5-9AB4-4E59-99CA-F73C67712EB3}.Debug|x86.Build.0 = Debug|x86
		{603762A5-9AB4-4E59-99CA-F73C67712EB3}.Release|Any CPU.ActiveCfg = Release|x86
		{603762A5-9AB4-4E59-99CA-F73C67712EB3}.Release|Mixed Platforms.ActiveCfg = Release|x86
		{603762A5-9AB4-4E59-99CA-F73C67712EB3}.Release|Mixed Platforms.Build.0 = Release|x86
		{603762A5-9AB4-4E59-99CA-F73C67712EB3}.Release|x86.ActiveCfg = Release|x86
		{603762A5-9AB4-4E59-99CA-F73C67712EB3}.Release|x86.Build.0 = Release|x86
		{8098A21A-4B2D-40C7-9B92-5672C1417592}.Debug|Any CPU.ActiveCfg = Debug|x86
		{8098A21A-4B2D-40C7-9B92-5672C1417592}.Debug|Mixed Platforms.ActiveCfg = Debug|x86
		{8098A21A-4B2D-40C7-9B92-5672C1417592}.Debug|Mixed Platforms.Build.0 = Debug|x86
		{8098A21A-4B2D-40C7-9B92-5672C1417592}.Debug|x86.ActiveCfg = Debug|x86
		{8098A21A-4B2D-40C7-9B92-5672C1417592}.Debug|x86.Build.0 = Debug|x86
		{8098A21A-4B2D-40C7-9B92-5672C1417592}.Release|Any CPU.ActiveCfg = Release|x86
		{8098A21A-4B2D-40C7-9B92-5672C1417592}.Release|Mixed Platforms.ActiveCfg = Release|x86
		{8098A21A-4B2D-40C7-9B92-5672C1417592}.Release|Mixed Platforms.Build.0 = Release|x86
		{8098A21A-4B2D-40C7-9B92-5672C1417592}.Release|x86.ActiveCfg = Release|x86
		{8098A21A-4B2D-40C7-9B92-5672C1417592}.Release|x86.Build.0 = Release|x86
		{F9B9AF27-366F-4BB6-BE34-CCE4CDDEFCC1}.Debug|Any CPU.ActiveCfg = Debug|x86
		{F9B9AF27-366F-4BB6-BE34-CCE4CDDEFCC1}.Debug|Mixed Platforms.ActiveCfg = Debug|x86
		{F9B9AF27-366F-4BB6-BE34-CCE4CDDEFCC1}.Debug|Mixed Platforms.Build.0 = Debug|x86
		{F9B9AF27-366F-4BB6-BE34-CCE4CDDEFCC1}.Debug|x86.ActiveCfg = Debug|x86
		{F9B9AF27-366F-4BB6-BE34-CCE4CDDEFCC1}.Debug|x86.Build.0 = Debug|x86
		{F9B9AF27-366F-4BB6-BE34-CCE4CDDEFCC1}.Release|Any CPU.ActiveCfg = Release|x86
		{F9B9AF27-366F-4BB6-BE34-CCE4CDDEFCC1}.Release|Mixed Platforms.ActiveCfg = Release|x86
		{F9B9AF27-366F-4BB6-BE34-CCE4CDDEFCC1}.Release|Mixed Platforms.Build.0 = Release|x86
		{F9B9AF27-366F-4BB6-BE34-CCE4CDDEFCC1}.Release|x86.ActiveCfg = Release|x86
		{F9B9AF27-366F-4BB6-BE34-CCE4CDDEFCC1}.Release|x86.Build.0 = Release|x86
	EndGlobalSection
	GlobalSection(SolutionProperties) = preSolution
		HideSolutionNode = FALSE
	EndGlobalSection
EndGlobal
